
Microsoft Visual Studio Solution File, Format Version 12.00
# Visual Studio Version 16
VisualStudioVersion = 16.0.31624.102
MinimumVisualStudioVersion = 10.0.40219.1
Project("{F184B08F-C81C-45F6-A57F-5ABD9991F28F}") = "HI", "HI\HI.vbproj", "{4FE92C28-2DB6-47A8-8C87-DB0CE31F0A17}"
EndProject
Project("{F184B08F-C81C-45F6-A57F-5ABD9991F28F}") = "HI.HR", "HI.HR\HI.HR.vbproj", "{7A4962C4-E342-4186-838C-520F6D6C9E40}"
EndProject
Project("{F184B08F-C81C-45F6-A57F-5ABD9991F28F}") = "HI.RP", "HI.RP\HI.RP.vbproj", "{28B2EF85-307C-4E24-AFCF-926E6ABE3424}"
EndProject
Project("{F184B08F-C81C-45F6-A57F-5ABD9991F28F}") = "HI.SE", "HI.SE\HI.SE.vbproj", "{7CF7AE7B-9C3E-4E5D-9015-1C5FD4EE16B9}"
EndProject
Project("{F184B08F-C81C-45F6-A57F-5ABD9991F28F}") = "HI.TL", "HI.TL\HI.TL.vbproj", "{5DE5B459-1226-40CD-9581-434C43D61B66}"
EndProject
Project("{F184B08F-C81C-45F6-A57F-5ABD9991F28F}") = "HI.MER", "HI.MER\HI.MER.vbproj", "{C8F227BA-FABB-464F-B083-F6BB5971D095}"
EndProject
Project("{F184B08F-C81C-45F6-A57F-5ABD9991F28F}") = "HI.PO", "HI.PO\HI.PO.vbproj", "{CF0F74F7-1C58-4CC9-8919-1D6BFE67C041}"
EndProject
Project("{F184B08F-C81C-45F6-A57F-5ABD9991F28F}") = "HI.INVEN", "HI.INVEN\HI.INVEN.vbproj", "{B3D8B7F7-BED3-4524-B8F0-71ABA2FBD31E}"
EndProject
Project("{F184B08F-C81C-45F6-A57F-5ABD9991F28F}") = "HI.PRO", "HI.PRO\HI.PRO.vbproj", "{E80AA644-B95F-47FE-AE6C-43DE16B808BC}"
EndProject
Project("{FAE04EC0-301F-11D3-BF4B-00C04F79EFBC}") = "HI.SC", "HI.SC\HI.SC.csproj", "{BC80C06D-81FC-4BFC-B2FB-3AB068C12CD3}"
EndProject
Project("{F184B08F-C81C-45F6-A57F-5ABD9991F28F}") = "HI.HRCAL", "HI.HRCAL\HI.HRCAL.vbproj", "{956D45A8-E9FC-487D-9FAA-BC30FC86016D}"
EndProject
Project("{F184B08F-C81C-45F6-A57F-5ABD9991F28F}") = "HI.APP", "HI.MET\HI.APP.vbproj", "{92E02475-FC93-4255-A953-4049FF6586F5}"
EndProject
Project("{F184B08F-C81C-45F6-A57F-5ABD9991F28F}") = "HI.TLF", "HI.TLF\HI.TLF.vbproj", "{3AAD5845-DD63-4C10-82A6-B86FF10AB739}"
EndProject
Project("{F184B08F-C81C-45F6-A57F-5ABD9991F28F}") = "HI.ENM", "HI.ENUM\HI.ENM.vbproj", "{4FE1A025-BB21-4BF3-A117-E4BFC5C5218E}"
EndProject
Project("{F184B08F-C81C-45F6-A57F-5ABD9991F28F}") = "PassWordGenertor", "wGenerateCode\PassWordGenertor.vbproj", "{3F3F73E7-41B8-441C-ACA8-2E7FE2313CEC}"
EndProject
Project("{F184B08F-C81C-45F6-A57F-5ABD9991F28F}") = "HI.UCTR", "HI.UCTR\HI.UCTR.vbproj", "{B5991DAF-4E40-46AB-AB0C-075A00867248}"
EndProject
Project("{F184B08F-C81C-45F6-A57F-5ABD9991F28F}") = "HI.Delegate", "HI.Delegate\HI.Delegate.vbproj", "{A6701B43-7E52-4F8B-9CBD-420007049A21}"
EndProject
Project("{FAE04EC0-301F-11D3-BF4B-00C04F79EFBC}") = "HI.Auditor", "HI.Auditor\HI.Auditor.csproj", "{62C22E9B-5EDC-4363-8B71-78B3345E44D0}"
EndProject
Project("{F184B08F-C81C-45F6-A57F-5ABD9991F28F}") = "HI.Mail", "HI.Mail\HI.Mail.vbproj", "{9BE39D94-559A-47C9-B0FA-23048A54F1DD}"
EndProject
Project("{F184B08F-C81C-45F6-A57F-5ABD9991F28F}") = "HI.MRP", "HI.MRP\HI.MRP.vbproj", "{C1F2D5D1-15FA-4ED7-897A-6836ECB69BA2}"
EndProject
Project("{F184B08F-C81C-45F6-A57F-5ABD9991F28F}") = "HI.Service", "HI.Service\HI.Service.vbproj", "{DFA77086-CAF8-4D6E-B57A-30FD04A54237}"
EndProject
Project("{F184B08F-C81C-45F6-A57F-5ABD9991F28F}") = "HI.BI", "HI.BI\HI.BI.vbproj", "{E0F8B4FA-7B0D-4107-8969-2EC9ECA59AA8}"
EndProject
Project("{F184B08F-C81C-45F6-A57F-5ABD9991F28F}") = "HISoftService", "HISoftService\HISoftService.vbproj", "{CCA2BD42-6E15-4AEF-B1FB-6F8429388698}"
EndProject
Project("{F184B08F-C81C-45F6-A57F-5ABD9991F28F}") = "ServiceDirectorApproved", "ServiceDirectorApproved\ServiceDirectorApproved\ServiceDirectorApproved.vbproj", "{A98DDA0E-5B8D-4850-B5E6-2FCE6AA5FE8C}"
EndProject
Project("{F184B08F-C81C-45F6-A57F-5ABD9991F28F}") = "HICallExe", "HICallExe\HICallExe.vbproj", "{EE271E5E-6197-45E5-B48C-954D311B4569}"
EndProject
Project("{F184B08F-C81C-45F6-A57F-5ABD9991F28F}") = "HI.QA", "HI.QA\HI.QA.vbproj", "{B37C9BCC-E039-4CBC-937E-71909A8C52FB}"
EndProject
Project("{F184B08F-C81C-45F6-A57F-5ABD9991F28F}") = "HI.HRVN", "HI.HRVN\HI.HRVN.vbproj", "{EB625632-56C9-4C33-ABFF-599F9F9D621E}"
EndProject
Project("{F184B08F-C81C-45F6-A57F-5ABD9991F28F}") = "HI.ACC", "HI.ACC\HI.ACC.vbproj", "{DCECFE50-8407-4E68-AA7A-D797FC0AC1B3}"
EndProject
Project("{FAE04EC0-301F-11D3-BF4B-00C04F79EFBC}") = "HI.Conn", "HI.Conn\HI.Conn.csproj", "{7A2DB722-B4B4-4C9A-B624-4763812CA5AB}"
EndProject
Project("{FAE04EC0-301F-11D3-BF4B-00C04F79EFBC}") = "HI.MG", "HI.MG\HI.MG.csproj", "{5A72D3B5-C544-4835-A1FC-DF6EFF9C973A}"
EndProject
Project("{FAE04EC0-301F-11D3-BF4B-00C04F79EFBC}") = "HI.UL", "HI.UL\HI.UL.csproj", "{E9D7341B-E2D4-4A59-B328-79E51F3C0138}"
EndProject
Project("{FAE04EC0-301F-11D3-BF4B-00C04F79EFBC}") = "HI.ST", "HI.ST\HI.ST.csproj", "{42E244BB-ED4A-4579-819D-C00EF4898907}"
EndProject
Project("{F184B08F-C81C-45F6-A57F-5ABD9991F28F}") = "HI.LCD", "HI.LCD\HI.LCD.vbproj", "{9E03BD2C-46E0-48C4-8FFC-D6D40D3F317E}"
EndProject
Project("{F184B08F-C81C-45F6-A57F-5ABD9991F28F}") = "LCDSystem", "LCDSystem\LCDSystem.vbproj", "{D25AB960-813B-4C04-954D-3A7A76167B9E}"
EndProject
Project("{F184B08F-C81C-45F6-A57F-5ABD9991F28F}") = "QAProcess", "QAProcess\QAProcess.vbproj", "{128C444C-B02E-4B9E-B76E-BA1D6EF505A5}"
EndProject
Project("{F184B08F-C81C-45F6-A57F-5ABD9991F28F}") = "HI.PPC", "HI.PPC\HI.PPC.vbproj", "{370ACE47-4CAE-4619-BFB6-F9206459DCEC}"
EndProject
Project("{F184B08F-C81C-45F6-A57F-5ABD9991F28F}") = "HI.MED", "HI.MED\HI.MED.vbproj", "{55CCD66E-0DF7-4788-A484-25CB8A2D1840}"
EndProject
Project("{F184B08F-C81C-45F6-A57F-5ABD9991F28F}") = "HI.Export", "HI.Export\HI.Export.vbproj", "{A8F850E4-5694-44E6-93E7-09FDB3617E74}"
EndProject
Project("{F184B08F-C81C-45F6-A57F-5ABD9991F28F}") = "HI.FG", "HI.FG\HI.FG.vbproj", "{71011F96-CAE8-49D3-A660-2CD5DF2CB0AE}"
EndProject
Project("{F184B08F-C81C-45F6-A57F-5ABD9991F28F}") = "HI.DOC", "HI.DOC\HI.DOC.vbproj", "{A541E2F9-F22E-4F6E-B022-1327811D2754}"
EndProject
Project("{F184B08F-C81C-45F6-A57F-5ABD9991F28F}") = "HI.ASSET", "HI.ASSET\HI.ASSET.vbproj", "{508D907F-3A0E-46F5-B722-50F5E478D75F}"
EndProject
Project("{F184B08F-C81C-45F6-A57F-5ABD9991F28F}") = "AutomationReceiver", "AutomationReceiver\AutomationReceiver.vbproj", "{77228F9F-67B5-4A24-975E-EF4F30AC384D}"
EndProject
Project("{F184B08F-C81C-45F6-A57F-5ABD9991F28F}") = "WIPTemplate", "WIPTemplate\WIPTemplate.vbproj", "{7EE30FE6-3D87-4DF4-81F4-C91863F234DB}"
EndProject
Project("{F184B08F-C81C-45F6-A57F-5ABD9991F28F}") = "KINGTEX", "KINGTEX\KINGTEX.vbproj", "{B7BBA917-C20B-4F14-AE0C-B2A5495DB23E}"
EndProject
Project("{F184B08F-C81C-45F6-A57F-5ABD9991F28F}") = "ConvertPOToPDF", "ConvertPOToPDF\ConvertPOToPDF.vbproj", "{1B551ADC-DBB2-4106-9827-CC12A9864E51}"
EndProject
Project("{F184B08F-C81C-45F6-A57F-5ABD9991F28F}") = "WisdomService", "WisdomService\WisdomService.vbproj", "{65E0CC53-44C6-48C0-8DA9-11316AAF9593}"
EndProject
Project("{FAE04EC0-301F-11D3-BF4B-00C04F79EFBC}") = "WEBSERVICEHRD", "WEBSERVICEHRD\WEBSERVICEHRD.csproj", "{904236BA-190E-4482-A7FA-C8AE59EE766B}"
EndProject
Project("{F184B08F-C81C-45F6-A57F-5ABD9991F28F}") = "WisdomAPI", "WisdomAPI\WisdomAPI.vbproj", "{5766AD0E-4048-468B-AE06-C33CCB722E14}"
EndProject
Project("{FAE04EC0-301F-11D3-BF4B-00C04F79EFBC}") = "WSM.Con", "WSM.Con\WSM.Con.csproj", "{7DDC4832-A001-41F1-B41B-65D2140827A7}"
EndProject
Project("{F184B08F-C81C-45F6-A57F-5ABD9991F28F}") = "BomAutomate", "BomAutomate\BomAutomate.vbproj", "{BC17D891-F07F-4382-AAEE-D02D4E57F27B}"
EndProject
Project("{FAE04EC0-301F-11D3-BF4B-00C04F79EFBC}") = "BomStructure", "BomStructure\BomStructure.csproj", "{7114E8AD-0486-4D29-AE60-B5725A218956}"
EndProject
Project("{FAE04EC0-301F-11D3-BF4B-00C04F79EFBC}") = "HI.EXPORTBANK", "HI.EXPORTBANK\HI.EXPORTBANK.csproj", "{AADE6653-0E1B-4DE1-BF68-BC63E2B1606C}"
EndProject
Project("{F184B08F-C81C-45F6-A57F-5ABD9991F28F}") = "QCFabic", "QCFabic\QCFabic.vbproj", "{2CB9DB43-6DED-4019-A037-9E84A748EEA8}"
EndProject
Project("{F184B08F-C81C-45F6-A57F-5ABD9991F28F}") = "LCDSystemWHs", "LCDSystemWH\LCDSystemWHs.vbproj", "{90E05040-EBAF-46D3-92A2-49CC99BA1623}"
EndProject
Project("{F184B08F-C81C-45F6-A57F-5ABD9991F28F}") = "EmpLeaveDashbroad", "EmpLeaveDashbroad\EmpLeaveDashbroad.vbproj", "{066147D4-7530-4C64-8257-552287352B22}"
EndProject
Project("{FAE04EC0-301F-11D3-BF4B-00C04F79EFBC}") = "HI.CH", "HI.CH\HI.CH.csproj", "{B07B6B55-B4E5-41F5-80EA-8A2A35A622F1}"
EndProject
Project("{F184B08F-C81C-45F6-A57F-5ABD9991F28F}") = "TerminalTime", "TerminalTime\TerminalTime.vbproj", "{81E54033-26F0-4748-B085-BE0EEBFAC72D}"
EndProject
Project("{F184B08F-C81C-45F6-A57F-5ABD9991F28F}") = "HI.SAMPLEROOM", "HI.SAMPLEROOM\HI.SAMPLEROOM.vbproj", "{CB088276-4108-46AA-926E-4F102E044896}"
EndProject
Project("{F184B08F-C81C-45F6-A57F-5ABD9991F28F}") = "LCDCutting", "LCDCutting\LCDCutting.vbproj", "{1D2B6E6E-7238-4488-ABB8-2BCF0C972191}"
EndProject
Project("{F184B08F-C81C-45F6-A57F-5ABD9991F28F}") = "LCDSewingDaily", "LCDSewingDaily\LCDSewingDaily.vbproj", "{D7E20D0A-EDB3-4BA7-B9B6-822088A9E235}"
EndProject
Project("{FAE04EC0-301F-11D3-BF4B-00C04F79EFBC}") = "HI.ENTITY", "HI.ENTITY\HI.ENTITY.csproj", "{07E00E02-46DA-4AE9-A4BA-A68721DD095A}"
EndProject
Project("{FAE04EC0-301F-11D3-BF4B-00C04F79EFBC}") = "HI.Track", "HI.Track\HI.Track.csproj", "{51EC8AD2-DF8C-4752-982C-DFB55CDB9ECC}"
EndProject
Global
	GlobalSection(SolutionConfigurationPlatforms) = preSolution
		Debug|Any CPU = Debug|Any CPU
		Debug|Mixed Platforms = Debug|Mixed Platforms
		Debug|x86 = Debug|x86
		Release|Any CPU = Release|Any CPU
		Release|Mixed Platforms = Release|Mixed Platforms
		Release|x86 = Release|x86
	EndGlobalSection
	GlobalSection(ProjectConfigurationPlatforms) = postSolution
		{4FE92C28-2DB6-47A8-8C87-DB0CE31F0A17}.Debug|Any CPU.ActiveCfg = Debug|x86
		{4FE92C28-2DB6-47A8-8C87-DB0CE31F0A17}.Debug|Mixed Platforms.ActiveCfg = Debug|x86
		{4FE92C28-2DB6-47A8-8C87-DB0CE31F0A17}.Debug|Mixed Platforms.Build.0 = Debug|x86
		{4FE92C28-2DB6-47A8-8C87-DB0CE31F0A17}.Debug|x86.ActiveCfg = Debug|x86
		{4FE92C28-2DB6-47A8-8C87-DB0CE31F0A17}.Debug|x86.Build.0 = Debug|x86
		{4FE92C28-2DB6-47A8-8C87-DB0CE31F0A17}.Release|Any CPU.ActiveCfg = Release|x86
		{4FE92C28-2DB6-47A8-8C87-DB0CE31F0A17}.Release|Mixed Platforms.ActiveCfg = Release|x86
		{4FE92C28-2DB6-47A8-8C87-DB0CE31F0A17}.Release|Mixed Platforms.Build.0 = Release|x86
		{4FE92C28-2DB6-47A8-8C87-DB0CE31F0A17}.Release|x86.ActiveCfg = Release|x86
		{4FE92C28-2DB6-47A8-8C87-DB0CE31F0A17}.Release|x86.Build.0 = Release|x86
		{7A4962C4-E342-4186-838C-520F6D6C9E40}.Debug|Any CPU.ActiveCfg = Debug|Any CPU
		{7A4962C4-E342-4186-838C-520F6D6C9E40}.Debug|Any CPU.Build.0 = Debug|Any CPU
		{7A4962C4-E342-4186-838C-520F6D6C9E40}.Debug|Mixed Platforms.ActiveCfg = Debug|Any CPU
		{7A4962C4-E342-4186-838C-520F6D6C9E40}.Debug|Mixed Platforms.Build.0 = Debug|Any CPU
		{7A4962C4-E342-4186-838C-520F6D6C9E40}.Debug|x86.ActiveCfg = Debug|Any CPU
		{7A4962C4-E342-4186-838C-520F6D6C9E40}.Release|Any CPU.ActiveCfg = Release|Any CPU
		{7A4962C4-E342-4186-838C-520F6D6C9E40}.Release|Any CPU.Build.0 = Release|Any CPU
		{7A4962C4-E342-4186-838C-520F6D6C9E40}.Release|Mixed Platforms.ActiveCfg = Release|Any CPU
		{7A4962C4-E342-4186-838C-520F6D6C9E40}.Release|Mixed Platforms.Build.0 = Release|Any CPU
		{7A4962C4-E342-4186-838C-520F6D6C9E40}.Release|x86.ActiveCfg = Release|Any CPU
		{28B2EF85-307C-4E24-AFCF-926E6ABE3424}.Debug|Any CPU.ActiveCfg = Debug|Any CPU
		{28B2EF85-307C-4E24-AFCF-926E6ABE3424}.Debug|Any CPU.Build.0 = Debug|Any CPU
		{28B2EF85-307C-4E24-AFCF-926E6ABE3424}.Debug|Mixed Platforms.ActiveCfg = Debug|Any CPU
		{28B2EF85-307C-4E24-AFCF-926E6ABE3424}.Debug|Mixed Platforms.Build.0 = Debug|Any CPU
		{28B2EF85-307C-4E24-AFCF-926E6ABE3424}.Debug|x86.ActiveCfg = Debug|Any CPU
		{28B2EF85-307C-4E24-AFCF-926E6ABE3424}.Release|Any CPU.ActiveCfg = Release|Any CPU
		{28B2EF85-307C-4E24-AFCF-926E6ABE3424}.Release|Any CPU.Build.0 = Release|Any CPU
		{28B2EF85-307C-4E24-AFCF-926E6ABE3424}.Release|Mixed Platforms.ActiveCfg = Release|Any CPU
		{28B2EF85-307C-4E24-AFCF-926E6ABE3424}.Release|Mixed Platforms.Build.0 = Release|Any CPU
		{28B2EF85-307C-4E24-AFCF-926E6ABE3424}.Release|x86.ActiveCfg = Release|Any CPU
		{7CF7AE7B-9C3E-4E5D-9015-1C5FD4EE16B9}.Debug|Any CPU.ActiveCfg = Debug|Any CPU
		{7CF7AE7B-9C3E-4E5D-9015-1C5FD4EE16B9}.Debug|Any CPU.Build.0 = Debug|Any CPU
		{7CF7AE7B-9C3E-4E5D-9015-1C5FD4EE16B9}.Debug|Mixed Platforms.ActiveCfg = Debug|Any CPU
		{7CF7AE7B-9C3E-4E5D-9015-1C5FD4EE16B9}.Debug|Mixed Platforms.Build.0 = Debug|Any CPU
		{7CF7AE7B-9C3E-4E5D-9015-1C5FD4EE16B9}.Debug|x86.ActiveCfg = Debug|Any CPU
		{7CF7AE7B-9C3E-4E5D-9015-1C5FD4EE16B9}.Release|Any CPU.ActiveCfg = Release|Any CPU
		{7CF7AE7B-9C3E-4E5D-9015-1C5FD4EE16B9}.Release|Any CPU.Build.0 = Release|Any CPU
		{7CF7AE7B-9C3E-4E5D-9015-1C5FD4EE16B9}.Release|Mixed Platforms.ActiveCfg = Release|Any CPU
		{7CF7AE7B-9C3E-4E5D-9015-1C5FD4EE16B9}.Release|Mixed Platforms.Build.0 = Release|Any CPU
		{7CF7AE7B-9C3E-4E5D-9015-1C5FD4EE16B9}.Release|x86.ActiveCfg = Release|Any CPU
		{5DE5B459-1226-40CD-9581-434C43D61B66}.Debug|Any CPU.ActiveCfg = Debug|Any CPU
		{5DE5B459-1226-40CD-9581-434C43D61B66}.Debug|Any CPU.Build.0 = Debug|Any CPU
		{5DE5B459-1226-40CD-9581-434C43D61B66}.Debug|Mixed Platforms.ActiveCfg = Debug|Any CPU
		{5DE5B459-1226-40CD-9581-434C43D61B66}.Debug|Mixed Platforms.Build.0 = Debug|Any CPU
		{5DE5B459-1226-40CD-9581-434C43D61B66}.Debug|x86.ActiveCfg = Debug|Any CPU
		{5DE5B459-1226-40CD-9581-434C43D61B66}.Release|Any CPU.ActiveCfg = Release|Any CPU
		{5DE5B459-1226-40CD-9581-434C43D61B66}.Release|Any CPU.Build.0 = Release|Any CPU
		{5DE5B459-1226-40CD-9581-434C43D61B66}.Release|Mixed Platforms.ActiveCfg = Release|Any CPU
		{5DE5B459-1226-40CD-9581-434C43D61B66}.Release|Mixed Platforms.Build.0 = Release|Any CPU
		{5DE5B459-1226-40CD-9581-434C43D61B66}.Release|x86.ActiveCfg = Release|Any CPU
		{C8F227BA-FABB-464F-B083-F6BB5971D095}.Debug|Any CPU.ActiveCfg = Debug|Any CPU
		{C8F227BA-FABB-464F-B083-F6BB5971D095}.Debug|Any CPU.Build.0 = Debug|Any CPU
		{C8F227BA-FABB-464F-B083-F6BB5971D095}.Debug|Mixed Platforms.ActiveCfg = Debug|Any CPU
		{C8F227BA-FABB-464F-B083-F6BB5971D095}.Debug|Mixed Platforms.Build.0 = Debug|Any CPU
		{C8F227BA-FABB-464F-B083-F6BB5971D095}.Debug|x86.ActiveCfg = Debug|Any CPU
		{C8F227BA-FABB-464F-B083-F6BB5971D095}.Release|Any CPU.ActiveCfg = Release|Any CPU
		{C8F227BA-FABB-464F-B083-F6BB5971D095}.Release|Any CPU.Build.0 = Release|Any CPU
		{C8F227BA-FABB-464F-B083-F6BB5971D095}.Release|Mixed Platforms.ActiveCfg = Release|Any CPU
		{C8F227BA-FABB-464F-B083-F6BB5971D095}.Release|Mixed Platforms.Build.0 = Release|Any CPU
		{C8F227BA-FABB-464F-B083-F6BB5971D095}.Release|x86.ActiveCfg = Release|Any CPU
		{CF0F74F7-1C58-4CC9-8919-1D6BFE67C041}.Debug|Any CPU.ActiveCfg = Debug|Any CPU
		{CF0F74F7-1C58-4CC9-8919-1D6BFE67C041}.Debug|Any CPU.Build.0 = Debug|Any CPU
		{CF0F74F7-1C58-4CC9-8919-1D6BFE67C041}.Debug|Mixed Platforms.ActiveCfg = Debug|Any CPU
		{CF0F74F7-1C58-4CC9-8919-1D6BFE67C041}.Debug|Mixed Platforms.Build.0 = Debug|Any CPU
		{CF0F74F7-1C58-4CC9-8919-1D6BFE67C041}.Debug|x86.ActiveCfg = Debug|Any CPU
		{CF0F74F7-1C58-4CC9-8919-1D6BFE67C041}.Release|Any CPU.ActiveCfg = Release|Any CPU
		{CF0F74F7-1C58-4CC9-8919-1D6BFE67C041}.Release|Any CPU.Build.0 = Release|Any CPU
		{CF0F74F7-1C58-4CC9-8919-1D6BFE67C041}.Release|Mixed Platforms.ActiveCfg = Release|Any CPU
		{CF0F74F7-1C58-4CC9-8919-1D6BFE67C041}.Release|Mixed Platforms.Build.0 = Release|Any CPU
		{CF0F74F7-1C58-4CC9-8919-1D6BFE67C041}.Release|x86.ActiveCfg = Release|Any CPU
		{B3D8B7F7-BED3-4524-B8F0-71ABA2FBD31E}.Debug|Any CPU.ActiveCfg = Debug|Any CPU
		{B3D8B7F7-BED3-4524-B8F0-71ABA2FBD31E}.Debug|Any CPU.Build.0 = Debug|Any CPU
		{B3D8B7F7-BED3-4524-B8F0-71ABA2FBD31E}.Debug|Mixed Platforms.ActiveCfg = Debug|Any CPU
		{B3D8B7F7-BED3-4524-B8F0-71ABA2FBD31E}.Debug|Mixed Platforms.Build.0 = Debug|Any CPU
		{B3D8B7F7-BED3-4524-B8F0-71ABA2FBD31E}.Debug|x86.ActiveCfg = Debug|Any CPU
		{B3D8B7F7-BED3-4524-B8F0-71ABA2FBD31E}.Release|Any CPU.ActiveCfg = Release|Any CPU
		{B3D8B7F7-BED3-4524-B8F0-71ABA2FBD31E}.Release|Any CPU.Build.0 = Release|Any CPU
		{B3D8B7F7-BED3-4524-B8F0-71ABA2FBD31E}.Release|Mixed Platforms.ActiveCfg = Release|Any CPU
		{B3D8B7F7-BED3-4524-B8F0-71ABA2FBD31E}.Release|Mixed Platforms.Build.0 = Release|Any CPU
		{B3D8B7F7-BED3-4524-B8F0-71ABA2FBD31E}.Release|x86.ActiveCfg = Release|Any CPU
		{E80AA644-B95F-47FE-AE6C-43DE16B808BC}.Debug|Any CPU.ActiveCfg = Debug|Any CPU
		{E80AA644-B95F-47FE-AE6C-43DE16B808BC}.Debug|Any CPU.Build.0 = Debug|Any CPU
		{E80AA644-B95F-47FE-AE6C-43DE16B808BC}.Debug|Mixed Platforms.ActiveCfg = Debug|Any CPU
		{E80AA644-B95F-47FE-AE6C-43DE16B808BC}.Debug|Mixed Platforms.Build.0 = Debug|Any CPU
		{E80AA644-B95F-47FE-AE6C-43DE16B808BC}.Debug|x86.ActiveCfg = Debug|Any CPU
		{E80AA644-B95F-47FE-AE6C-43DE16B808BC}.Release|Any CPU.ActiveCfg = Release|Any CPU
		{E80AA644-B95F-47FE-AE6C-43DE16B808BC}.Release|Any CPU.Build.0 = Release|Any CPU
		{E80AA644-B95F-47FE-AE6C-43DE16B808BC}.Release|Mixed Platforms.ActiveCfg = Release|Any CPU
		{E80AA644-B95F-47FE-AE6C-43DE16B808BC}.Release|Mixed Platforms.Build.0 = Release|Any CPU
		{E80AA644-B95F-47FE-AE6C-43DE16B808BC}.Release|x86.ActiveCfg = Release|Any CPU
		{BC80C06D-81FC-4BFC-B2FB-3AB068C12CD3}.Debug|Any CPU.ActiveCfg = Debug|Any CPU
		{BC80C06D-81FC-4BFC-B2FB-3AB068C12CD3}.Debug|Any CPU.Build.0 = Debug|Any CPU
		{BC80C06D-81FC-4BFC-B2FB-3AB068C12CD3}.Debug|Mixed Platforms.ActiveCfg = Debug|Any CPU
		{BC80C06D-81FC-4BFC-B2FB-3AB068C12CD3}.Debug|Mixed Platforms.Build.0 = Debug|Any CPU
		{BC80C06D-81FC-4BFC-B2FB-3AB068C12CD3}.Debug|x86.ActiveCfg = Debug|Any CPU
		{BC80C06D-81FC-4BFC-B2FB-3AB068C12CD3}.Release|Any CPU.ActiveCfg = Release|Any CPU
		{BC80C06D-81FC-4BFC-B2FB-3AB068C12CD3}.Release|Any CPU.Build.0 = Release|Any CPU
		{BC80C06D-81FC-4BFC-B2FB-3AB068C12CD3}.Release|Mixed Platforms.ActiveCfg = Release|Any CPU
		{BC80C06D-81FC-4BFC-B2FB-3AB068C12CD3}.Release|Mixed Platforms.Build.0 = Release|Any CPU
		{BC80C06D-81FC-4BFC-B2FB-3AB068C12CD3}.Release|x86.ActiveCfg = Release|Any CPU
		{956D45A8-E9FC-487D-9FAA-BC30FC86016D}.Debug|Any CPU.ActiveCfg = Debug|Any CPU
		{956D45A8-E9FC-487D-9FAA-BC30FC86016D}.Debug|Any CPU.Build.0 = Debug|Any CPU
		{956D45A8-E9FC-487D-9FAA-BC30FC86016D}.Debug|Mixed Platforms.ActiveCfg = Debug|Any CPU
		{956D45A8-E9FC-487D-9FAA-BC30FC86016D}.Debug|Mixed Platforms.Build.0 = Debug|Any CPU
		{956D45A8-E9FC-487D-9FAA-BC30FC86016D}.Debug|x86.ActiveCfg = Debug|Any CPU
		{956D45A8-E9FC-487D-9FAA-BC30FC86016D}.Release|Any CPU.ActiveCfg = Release|Any CPU
		{956D45A8-E9FC-487D-9FAA-BC30FC86016D}.Release|Any CPU.Build.0 = Release|Any CPU
		{956D45A8-E9FC-487D-9FAA-BC30FC86016D}.Release|Mixed Platforms.ActiveCfg = Release|Any CPU
		{956D45A8-E9FC-487D-9FAA-BC30FC86016D}.Release|Mixed Platforms.Build.0 = Release|Any CPU
		{956D45A8-E9FC-487D-9FAA-BC30FC86016D}.Release|x86.ActiveCfg = Release|Any CPU
		{92E02475-FC93-4255-A953-4049FF6586F5}.Debug|Any CPU.ActiveCfg = Debug|Any CPU
		{92E02475-FC93-4255-A953-4049FF6586F5}.Debug|Any CPU.Build.0 = Debug|Any CPU
		{92E02475-FC93-4255-A953-4049FF6586F5}.Debug|Mixed Platforms.ActiveCfg = Debug|Any CPU
		{92E02475-FC93-4255-A953-4049FF6586F5}.Debug|Mixed Platforms.Build.0 = Debug|Any CPU
		{92E02475-FC93-4255-A953-4049FF6586F5}.Debug|x86.ActiveCfg = Debug|Any CPU
		{92E02475-FC93-4255-A953-4049FF6586F5}.Release|Any CPU.ActiveCfg = Release|Any CPU
		{92E02475-FC93-4255-A953-4049FF6586F5}.Release|Any CPU.Build.0 = Release|Any CPU
		{92E02475-FC93-4255-A953-4049FF6586F5}.Release|Mixed Platforms.ActiveCfg = Release|Any CPU
		{92E02475-FC93-4255-A953-4049FF6586F5}.Release|Mixed Platforms.Build.0 = Release|Any CPU
		{92E02475-FC93-4255-A953-4049FF6586F5}.Release|x86.ActiveCfg = Release|Any CPU
		{3AAD5845-DD63-4C10-82A6-B86FF10AB739}.Debug|Any CPU.ActiveCfg = Debug|Any CPU
		{3AAD5845-DD63-4C10-82A6-B86FF10AB739}.Debug|Any CPU.Build.0 = Debug|Any CPU
		{3AAD5845-DD63-4C10-82A6-B86FF10AB739}.Debug|Mixed Platforms.ActiveCfg = Debug|Any CPU
		{3AAD5845-DD63-4C10-82A6-B86FF10AB739}.Debug|Mixed Platforms.Build.0 = Debug|Any CPU
		{3AAD5845-DD63-4C10-82A6-B86FF10AB739}.Debug|x86.ActiveCfg = Debug|Any CPU
		{3AAD5845-DD63-4C10-82A6-B86FF10AB739}.Release|Any CPU.ActiveCfg = Release|Any CPU
		{3AAD5845-DD63-4C10-82A6-B86FF10AB739}.Release|Any CPU.Build.0 = Release|Any CPU
		{3AAD5845-DD63-4C10-82A6-B86FF10AB739}.Release|Mixed Platforms.ActiveCfg = Release|Any CPU
		{3AAD5845-DD63-4C10-82A6-B86FF10AB739}.Release|Mixed Platforms.Build.0 = Release|Any CPU
		{3AAD5845-DD63-4C10-82A6-B86FF10AB739}.Release|x86.ActiveCfg = Release|Any CPU
		{4FE1A025-BB21-4BF3-A117-E4BFC5C5218E}.Debug|Any CPU.ActiveCfg = Debug|Any CPU
		{4FE1A025-BB21-4BF3-A117-E4BFC5C5218E}.Debug|Any CPU.Build.0 = Debug|Any CPU
		{4FE1A025-BB21-4BF3-A117-E4BFC5C5218E}.Debug|Mixed Platforms.ActiveCfg = Debug|Any CPU
		{4FE1A025-BB21-4BF3-A117-E4BFC5C5218E}.Debug|Mixed Platforms.Build.0 = Debug|Any CPU
		{4FE1A025-BB21-4BF3-A117-E4BFC5C5218E}.Debug|x86.ActiveCfg = Debug|Any CPU
		{4FE1A025-BB21-4BF3-A117-E4BFC5C5218E}.Release|Any CPU.ActiveCfg = Release|Any CPU
		{4FE1A025-BB21-4BF3-A117-E4BFC5C5218E}.Release|Any CPU.Build.0 = Release|Any CPU
		{4FE1A025-BB21-4BF3-A117-E4BFC5C5218E}.Release|Mixed Platforms.ActiveCfg = Release|Any CPU
		{4FE1A025-BB21-4BF3-A117-E4BFC5C5218E}.Release|Mixed Platforms.Build.0 = Release|Any CPU
		{4FE1A025-BB21-4BF3-A117-E4BFC5C5218E}.Release|x86.ActiveCfg = Release|Any CPU
		{3F3F73E7-41B8-441C-ACA8-2E7FE2313CEC}.Debug|Any CPU.ActiveCfg = Debug|x86
		{3F3F73E7-41B8-441C-ACA8-2E7FE2313CEC}.Debug|Mixed Platforms.ActiveCfg = Debug|x86
		{3F3F73E7-41B8-441C-ACA8-2E7FE2313CEC}.Debug|Mixed Platforms.Build.0 = Debug|x86
		{3F3F73E7-41B8-441C-ACA8-2E7FE2313CEC}.Debug|x86.ActiveCfg = Debug|x86
		{3F3F73E7-41B8-441C-ACA8-2E7FE2313CEC}.Debug|x86.Build.0 = Debug|x86
		{3F3F73E7-41B8-441C-ACA8-2E7FE2313CEC}.Release|Any CPU.ActiveCfg = Release|x86
		{3F3F73E7-41B8-441C-ACA8-2E7FE2313CEC}.Release|Mixed Platforms.ActiveCfg = Release|x86
		{3F3F73E7-41B8-441C-ACA8-2E7FE2313CEC}.Release|Mixed Platforms.Build.0 = Release|x86
		{3F3F73E7-41B8-441C-ACA8-2E7FE2313CEC}.Release|x86.ActiveCfg = Release|x86
		{3F3F73E7-41B8-441C-ACA8-2E7FE2313CEC}.Release|x86.Build.0 = Release|x86
		{B5991DAF-4E40-46AB-AB0C-075A00867248}.Debug|Any CPU.ActiveCfg = Debug|Any CPU
		{B5991DAF-4E40-46AB-AB0C-075A00867248}.Debug|Any CPU.Build.0 = Debug|Any CPU
		{B5991DAF-4E40-46AB-AB0C-075A00867248}.Debug|Mixed Platforms.ActiveCfg = Debug|Any CPU
		{B5991DAF-4E40-46AB-AB0C-075A00867248}.Debug|Mixed Platforms.Build.0 = Debug|Any CPU
		{B5991DAF-4E40-46AB-AB0C-075A00867248}.Debug|x86.ActiveCfg = Debug|Any CPU
		{B5991DAF-4E40-46AB-AB0C-075A00867248}.Release|Any CPU.ActiveCfg = Release|Any CPU
		{B5991DAF-4E40-46AB-AB0C-075A00867248}.Release|Any CPU.Build.0 = Release|Any CPU
		{B5991DAF-4E40-46AB-AB0C-075A00867248}.Release|Mixed Platforms.ActiveCfg = Release|Any CPU
		{B5991DAF-4E40-46AB-AB0C-075A00867248}.Release|Mixed Platforms.Build.0 = Release|Any CPU
		{B5991DAF-4E40-46AB-AB0C-075A00867248}.Release|x86.ActiveCfg = Release|Any CPU
		{A6701B43-7E52-4F8B-9CBD-420007049A21}.Debug|Any CPU.ActiveCfg = Debug|Any CPU
		{A6701B43-7E52-4F8B-9CBD-420007049A21}.Debug|Any CPU.Build.0 = Debug|Any CPU
		{A6701B43-7E52-4F8B-9CBD-420007049A21}.Debug|Mixed Platforms.ActiveCfg = Debug|Any CPU
		{A6701B43-7E52-4F8B-9CBD-420007049A21}.Debug|Mixed Platforms.Build.0 = Debug|Any CPU
		{A6701B43-7E52-4F8B-9CBD-420007049A21}.Debug|x86.ActiveCfg = Debug|Any CPU
		{A6701B43-7E52-4F8B-9CBD-420007049A21}.Release|Any CPU.ActiveCfg = Release|Any CPU
		{A6701B43-7E52-4F8B-9CBD-420007049A21}.Release|Any CPU.Build.0 = Release|Any CPU
		{A6701B43-7E52-4F8B-9CBD-420007049A21}.Release|Mixed Platforms.ActiveCfg = Release|Any CPU
		{A6701B43-7E52-4F8B-9CBD-420007049A21}.Release|Mixed Platforms.Build.0 = Release|Any CPU
		{A6701B43-7E52-4F8B-9CBD-420007049A21}.Release|x86.ActiveCfg = Release|Any CPU
		{62C22E9B-5EDC-4363-8B71-78B3345E44D0}.Debug|Any CPU.ActiveCfg = Debug|Any CPU
		{62C22E9B-5EDC-4363-8B71-78B3345E44D0}.Debug|Any CPU.Build.0 = Debug|Any CPU
		{62C22E9B-5EDC-4363-8B71-78B3345E44D0}.Debug|Mixed Platforms.ActiveCfg = Debug|Any CPU
		{62C22E9B-5EDC-4363-8B71-78B3345E44D0}.Debug|Mixed Platforms.Build.0 = Debug|Any CPU
		{62C22E9B-5EDC-4363-8B71-78B3345E44D0}.Debug|x86.ActiveCfg = Debug|Any CPU
		{62C22E9B-5EDC-4363-8B71-78B3345E44D0}.Release|Any CPU.ActiveCfg = Release|Any CPU
		{62C22E9B-5EDC-4363-8B71-78B3345E44D0}.Release|Any CPU.Build.0 = Release|Any CPU
		{62C22E9B-5EDC-4363-8B71-78B3345E44D0}.Release|Mixed Platforms.ActiveCfg = Release|Any CPU
		{62C22E9B-5EDC-4363-8B71-78B3345E44D0}.Release|Mixed Platforms.Build.0 = Release|Any CPU
		{62C22E9B-5EDC-4363-8B71-78B3345E44D0}.Release|x86.ActiveCfg = Release|Any CPU
		{9BE39D94-559A-47C9-B0FA-23048A54F1DD}.Debug|Any CPU.ActiveCfg = Debug|Any CPU
		{9BE39D94-559A-47C9-B0FA-23048A54F1DD}.Debug|Any CPU.Build.0 = Debug|Any CPU
		{9BE39D94-559A-47C9-B0FA-23048A54F1DD}.Debug|Mixed Platforms.ActiveCfg = Debug|Any CPU
		{9BE39D94-559A-47C9-B0FA-23048A54F1DD}.Debug|Mixed Platforms.Build.0 = Debug|Any CPU
		{9BE39D94-559A-47C9-B0FA-23048A54F1DD}.Debug|x86.ActiveCfg = Debug|Any CPU
		{9BE39D94-559A-47C9-B0FA-23048A54F1DD}.Release|Any CPU.ActiveCfg = Release|Any CPU
		{9BE39D94-559A-47C9-B0FA-23048A54F1DD}.Release|Any CPU.Build.0 = Release|Any CPU
		{9BE39D94-559A-47C9-B0FA-23048A54F1DD}.Release|Mixed Platforms.ActiveCfg = Release|Any CPU
		{9BE39D94-559A-47C9-B0FA-23048A54F1DD}.Release|Mixed Platforms.Build.0 = Release|Any CPU
		{9BE39D94-559A-47C9-B0FA-23048A54F1DD}.Release|x86.ActiveCfg = Release|Any CPU
		{C1F2D5D1-15FA-4ED7-897A-6836ECB69BA2}.Debug|Any CPU.ActiveCfg = Debug|Any CPU
		{C1F2D5D1-15FA-4ED7-897A-6836ECB69BA2}.Debug|Any CPU.Build.0 = Debug|Any CPU
		{C1F2D5D1-15FA-4ED7-897A-6836ECB69BA2}.Debug|Mixed Platforms.ActiveCfg = Debug|Any CPU
		{C1F2D5D1-15FA-4ED7-897A-6836ECB69BA2}.Debug|Mixed Platforms.Build.0 = Debug|Any CPU
		{C1F2D5D1-15FA-4ED7-897A-6836ECB69BA2}.Debug|x86.ActiveCfg = Debug|Any CPU
		{C1F2D5D1-15FA-4ED7-897A-6836ECB69BA2}.Release|Any CPU.ActiveCfg = Release|Any CPU
		{C1F2D5D1-15FA-4ED7-897A-6836ECB69BA2}.Release|Any CPU.Build.0 = Release|Any CPU
		{C1F2D5D1-15FA-4ED7-897A-6836ECB69BA2}.Release|Mixed Platforms.ActiveCfg = Release|Any CPU
		{C1F2D5D1-15FA-4ED7-897A-6836ECB69BA2}.Release|Mixed Platforms.Build.0 = Release|Any CPU
		{C1F2D5D1-15FA-4ED7-897A-6836ECB69BA2}.Release|x86.ActiveCfg = Release|Any CPU
		{DFA77086-CAF8-4D6E-B57A-30FD04A54237}.Debug|Any CPU.ActiveCfg = Debug|Any CPU
		{DFA77086-CAF8-4D6E-B57A-30FD04A54237}.Debug|Any CPU.Build.0 = Debug|Any CPU
		{DFA77086-CAF8-4D6E-B57A-30FD04A54237}.Debug|Mixed Platforms.ActiveCfg = Debug|Any CPU
		{DFA77086-CAF8-4D6E-B57A-30FD04A54237}.Debug|Mixed Platforms.Build.0 = Debug|Any CPU
		{DFA77086-CAF8-4D6E-B57A-30FD04A54237}.Debug|x86.ActiveCfg = Debug|Any CPU
		{DFA77086-CAF8-4D6E-B57A-30FD04A54237}.Release|Any CPU.ActiveCfg = Release|Any CPU
		{DFA77086-CAF8-4D6E-B57A-30FD04A54237}.Release|Any CPU.Build.0 = Release|Any CPU
		{DFA77086-CAF8-4D6E-B57A-30FD04A54237}.Release|Mixed Platforms.ActiveCfg = Release|Any CPU
		{DFA77086-CAF8-4D6E-B57A-30FD04A54237}.Release|Mixed Platforms.Build.0 = Release|Any CPU
		{DFA77086-CAF8-4D6E-B57A-30FD04A54237}.Release|x86.ActiveCfg = Release|Any CPU
		{E0F8B4FA-7B0D-4107-8969-2EC9ECA59AA8}.Debug|Any CPU.ActiveCfg = Debug|Any CPU
		{E0F8B4FA-7B0D-4107-8969-2EC9ECA59AA8}.Debug|Any CPU.Build.0 = Debug|Any CPU
		{E0F8B4FA-7B0D-4107-8969-2EC9ECA59AA8}.Debug|Mixed Platforms.ActiveCfg = Debug|Any CPU
		{E0F8B4FA-7B0D-4107-8969-2EC9ECA59AA8}.Debug|Mixed Platforms.Build.0 = Debug|Any CPU
		{E0F8B4FA-7B0D-4107-8969-2EC9ECA59AA8}.Debug|x86.ActiveCfg = Debug|Any CPU
		{E0F8B4FA-7B0D-4107-8969-2EC9ECA59AA8}.Release|Any CPU.ActiveCfg = Release|Any CPU
		{E0F8B4FA-7B0D-4107-8969-2EC9ECA59AA8}.Release|Any CPU.Build.0 = Release|Any CPU
		{E0F8B4FA-7B0D-4107-8969-2EC9ECA59AA8}.Release|Mixed Platforms.ActiveCfg = Release|Any CPU
		{E0F8B4FA-7B0D-4107-8969-2EC9ECA59AA8}.Release|Mixed Platforms.Build.0 = Release|Any CPU
		{E0F8B4FA-7B0D-4107-8969-2EC9ECA59AA8}.Release|x86.ActiveCfg = Release|Any CPU
		{CCA2BD42-6E15-4AEF-B1FB-6F8429388698}.Debug|Any CPU.ActiveCfg = Debug|Any CPU
		{CCA2BD42-6E15-4AEF-B1FB-6F8429388698}.Debug|Any CPU.Build.0 = Debug|Any CPU
		{CCA2BD42-6E15-4AEF-B1FB-6F8429388698}.Debug|Mixed Platforms.ActiveCfg = Debug|Any CPU
		{CCA2BD42-6E15-4AEF-B1FB-6F8429388698}.Debug|Mixed Platforms.Build.0 = Debug|Any CPU
		{CCA2BD42-6E15-4AEF-B1FB-6F8429388698}.Debug|x86.ActiveCfg = Debug|Any CPU
		{CCA2BD42-6E15-4AEF-B1FB-6F8429388698}.Release|Any CPU.ActiveCfg = Release|Any CPU
		{CCA2BD42-6E15-4AEF-B1FB-6F8429388698}.Release|Any CPU.Build.0 = Release|Any CPU
		{CCA2BD42-6E15-4AEF-B1FB-6F8429388698}.Release|Mixed Platforms.ActiveCfg = Release|Any CPU
		{CCA2BD42-6E15-4AEF-B1FB-6F8429388698}.Release|Mixed Platforms.Build.0 = Release|Any CPU
		{CCA2BD42-6E15-4AEF-B1FB-6F8429388698}.Release|x86.ActiveCfg = Release|Any CPU
		{A98DDA0E-5B8D-4850-B5E6-2FCE6AA5FE8C}.Debug|Any CPU.ActiveCfg = Debug|Any CPU
		{A98DDA0E-5B8D-4850-B5E6-2FCE6AA5FE8C}.Debug|Any CPU.Build.0 = Debug|Any CPU
		{A98DDA0E-5B8D-4850-B5E6-2FCE6AA5FE8C}.Debug|Mixed Platforms.ActiveCfg = Debug|Any CPU
		{A98DDA0E-5B8D-4850-B5E6-2FCE6AA5FE8C}.Debug|Mixed Platforms.Build.0 = Debug|Any CPU
		{A98DDA0E-5B8D-4850-B5E6-2FCE6AA5FE8C}.Debug|x86.ActiveCfg = Debug|Any CPU
		{A98DDA0E-5B8D-4850-B5E6-2FCE6AA5FE8C}.Release|Any CPU.ActiveCfg = Release|Any CPU
		{A98DDA0E-5B8D-4850-B5E6-2FCE6AA5FE8C}.Release|Any CPU.Build.0 = Release|Any CPU
		{A98DDA0E-5B8D-4850-B5E6-2FCE6AA5FE8C}.Release|Mixed Platforms.ActiveCfg = Release|Any CPU
		{A98DDA0E-5B8D-4850-B5E6-2FCE6AA5FE8C}.Release|Mixed Platforms.Build.0 = Release|Any CPU
		{A98DDA0E-5B8D-4850-B5E6-2FCE6AA5FE8C}.Release|x86.ActiveCfg = Release|Any CPU
		{EE271E5E-6197-45E5-B48C-954D311B4569}.Debug|Any CPU.ActiveCfg = Debug|Any CPU
		{EE271E5E-6197-45E5-B48C-954D311B4569}.Debug|Any CPU.Build.0 = Debug|Any CPU
		{EE271E5E-6197-45E5-B48C-954D311B4569}.Debug|Mixed Platforms.ActiveCfg = Debug|Any CPU
		{EE271E5E-6197-45E5-B48C-954D311B4569}.Debug|Mixed Platforms.Build.0 = Debug|Any CPU
		{EE271E5E-6197-45E5-B48C-954D311B4569}.Debug|x86.ActiveCfg = Debug|Any CPU
		{EE271E5E-6197-45E5-B48C-954D311B4569}.Release|Any CPU.ActiveCfg = Release|Any CPU
		{EE271E5E-6197-45E5-B48C-954D311B4569}.Release|Any CPU.Build.0 = Release|Any CPU
		{EE271E5E-6197-45E5-B48C-954D311B4569}.Release|Mixed Platforms.ActiveCfg = Release|Any CPU
		{EE271E5E-6197-45E5-B48C-954D311B4569}.Release|Mixed Platforms.Build.0 = Release|Any CPU
		{EE271E5E-6197-45E5-B48C-954D311B4569}.Release|x86.ActiveCfg = Release|Any CPU
		{B37C9BCC-E039-4CBC-937E-71909A8C52FB}.Debug|Any CPU.ActiveCfg = Debug|Any CPU
		{B37C9BCC-E039-4CBC-937E-71909A8C52FB}.Debug|Any CPU.Build.0 = Debug|Any CPU
		{B37C9BCC-E039-4CBC-937E-71909A8C52FB}.Debug|Mixed Platforms.ActiveCfg = Debug|Any CPU
		{B37C9BCC-E039-4CBC-937E-71909A8C52FB}.Debug|Mixed Platforms.Build.0 = Debug|Any CPU
		{B37C9BCC-E039-4CBC-937E-71909A8C52FB}.Debug|x86.ActiveCfg = Debug|Any CPU
		{B37C9BCC-E039-4CBC-937E-71909A8C52FB}.Release|Any CPU.ActiveCfg = Release|Any CPU
		{B37C9BCC-E039-4CBC-937E-71909A8C52FB}.Release|Any CPU.Build.0 = Release|Any CPU
		{B37C9BCC-E039-4CBC-937E-71909A8C52FB}.Release|Mixed Platforms.ActiveCfg = Release|Any CPU
		{B37C9BCC-E039-4CBC-937E-71909A8C52FB}.Release|Mixed Platforms.Build.0 = Release|Any CPU
		{B37C9BCC-E039-4CBC-937E-71909A8C52FB}.Release|x86.ActiveCfg = Release|Any CPU
		{EB625632-56C9-4C33-ABFF-599F9F9D621E}.Debug|Any CPU.ActiveCfg = Debug|Any CPU
		{EB625632-56C9-4C33-ABFF-599F9F9D621E}.Debug|Any CPU.Build.0 = Debug|Any CPU
		{EB625632-56C9-4C33-ABFF-599F9F9D621E}.Debug|Mixed Platforms.ActiveCfg = Debug|Any CPU
		{EB625632-56C9-4C33-ABFF-599F9F9D621E}.Debug|Mixed Platforms.Build.0 = Debug|Any CPU
		{EB625632-56C9-4C33-ABFF-599F9F9D621E}.Debug|x86.ActiveCfg = Debug|Any CPU
		{EB625632-56C9-4C33-ABFF-599F9F9D621E}.Release|Any CPU.ActiveCfg = Release|Any CPU
		{EB625632-56C9-4C33-ABFF-599F9F9D621E}.Release|Any CPU.Build.0 = Release|Any CPU
		{EB625632-56C9-4C33-ABFF-599F9F9D621E}.Release|Mixed Platforms.ActiveCfg = Release|Any CPU
		{EB625632-56C9-4C33-ABFF-599F9F9D621E}.Release|Mixed Platforms.Build.0 = Release|Any CPU
		{EB625632-56C9-4C33-ABFF-599F9F9D621E}.Release|x86.ActiveCfg = Release|Any CPU
		{DCECFE50-8407-4E68-AA7A-D797FC0AC1B3}.Debug|Any CPU.ActiveCfg = Debug|Any CPU
		{DCECFE50-8407-4E68-AA7A-D797FC0AC1B3}.Debug|Any CPU.Build.0 = Debug|Any CPU
		{DCECFE50-8407-4E68-AA7A-D797FC0AC1B3}.Debug|Mixed Platforms.ActiveCfg = Debug|Any CPU
		{DCECFE50-8407-4E68-AA7A-D797FC0AC1B3}.Debug|Mixed Platforms.Build.0 = Debug|Any CPU
		{DCECFE50-8407-4E68-AA7A-D797FC0AC1B3}.Debug|x86.ActiveCfg = Debug|Any CPU
		{DCECFE50-8407-4E68-AA7A-D797FC0AC1B3}.Release|Any CPU.ActiveCfg = Release|Any CPU
		{DCECFE50-8407-4E68-AA7A-D797FC0AC1B3}.Release|Any CPU.Build.0 = Release|Any CPU
		{DCECFE50-8407-4E68-AA7A-D797FC0AC1B3}.Release|Mixed Platforms.ActiveCfg = Release|Any CPU
		{DCECFE50-8407-4E68-AA7A-D797FC0AC1B3}.Release|Mixed Platforms.Build.0 = Release|Any CPU
		{DCECFE50-8407-4E68-AA7A-D797FC0AC1B3}.Release|x86.ActiveCfg = Release|Any CPU
		{7A2DB722-B4B4-4C9A-B624-4763812CA5AB}.Debug|Any CPU.ActiveCfg = Debug|Any CPU
		{7A2DB722-B4B4-4C9A-B624-4763812CA5AB}.Debug|Any CPU.Build.0 = Debug|Any CPU
		{7A2DB722-B4B4-4C9A-B624-4763812CA5AB}.Debug|Mixed Platforms.ActiveCfg = Debug|Any CPU
		{7A2DB722-B4B4-4C9A-B624-4763812CA5AB}.Debug|Mixed Platforms.Build.0 = Debug|Any CPU
		{7A2DB722-B4B4-4C9A-B624-4763812CA5AB}.Debug|x86.ActiveCfg = Debug|Any CPU
		{7A2DB722-B4B4-4C9A-B624-4763812CA5AB}.Release|Any CPU.ActiveCfg = Release|Any CPU
		{7A2DB722-B4B4-4C9A-B624-4763812CA5AB}.Release|Any CPU.Build.0 = Release|Any CPU
		{7A2DB722-B4B4-4C9A-B624-4763812CA5AB}.Release|Mixed Platforms.ActiveCfg = Release|Any CPU
		{7A2DB722-B4B4-4C9A-B624-4763812CA5AB}.Release|Mixed Platforms.Build.0 = Release|Any CPU
		{7A2DB722-B4B4-4C9A-B624-4763812CA5AB}.Release|x86.ActiveCfg = Release|Any CPU
		{5A72D3B5-C544-4835-A1FC-DF6EFF9C973A}.Debug|Any CPU.ActiveCfg = Debug|Any CPU
		{5A72D3B5-C544-4835-A1FC-DF6EFF9C973A}.Debug|Any CPU.Build.0 = Debug|Any CPU
		{5A72D3B5-C544-4835-A1FC-DF6EFF9C973A}.Debug|Mixed Platforms.ActiveCfg = Debug|Any CPU
		{5A72D3B5-C544-4835-A1FC-DF6EFF9C973A}.Debug|Mixed Platforms.Build.0 = Debug|Any CPU
		{5A72D3B5-C544-4835-A1FC-DF6EFF9C973A}.Debug|x86.ActiveCfg = Debug|Any CPU
		{5A72D3B5-C544-4835-A1FC-DF6EFF9C973A}.Release|Any CPU.ActiveCfg = Release|Any CPU
		{5A72D3B5-C544-4835-A1FC-DF6EFF9C973A}.Release|Any CPU.Build.0 = Release|Any CPU
		{5A72D3B5-C544-4835-A1FC-DF6EFF9C973A}.Release|Mixed Platforms.ActiveCfg = Release|Any CPU
		{5A72D3B5-C544-4835-A1FC-DF6EFF9C973A}.Release|Mixed Platforms.Build.0 = Release|Any CPU
		{5A72D3B5-C544-4835-A1FC-DF6EFF9C973A}.Release|x86.ActiveCfg = Release|Any CPU
		{E9D7341B-E2D4-4A59-B328-79E51F3C0138}.Debug|Any CPU.ActiveCfg = Debug|Any CPU
		{E9D7341B-E2D4-4A59-B328-79E51F3C0138}.Debug|Any CPU.Build.0 = Debug|Any CPU
		{E9D7341B-E2D4-4A59-B328-79E51F3C0138}.Debug|Mixed Platforms.ActiveCfg = Debug|Any CPU
		{E9D7341B-E2D4-4A59-B328-79E51F3C0138}.Debug|Mixed Platforms.Build.0 = Debug|Any CPU
		{E9D7341B-E2D4-4A59-B328-79E51F3C0138}.Debug|x86.ActiveCfg = Debug|Any CPU
		{E9D7341B-E2D4-4A59-B328-79E51F3C0138}.Release|Any CPU.ActiveCfg = Release|Any CPU
		{E9D7341B-E2D4-4A59-B328-79E51F3C0138}.Release|Any CPU.Build.0 = Release|Any CPU
		{E9D7341B-E2D4-4A59-B328-79E51F3C0138}.Release|Mixed Platforms.ActiveCfg = Release|Any CPU
		{E9D7341B-E2D4-4A59-B328-79E51F3C0138}.Release|Mixed Platforms.Build.0 = Release|Any CPU
		{E9D7341B-E2D4-4A59-B328-79E51F3C0138}.Release|x86.ActiveCfg = Release|Any CPU
		{42E244BB-ED4A-4579-819D-C00EF4898907}.Debug|Any CPU.ActiveCfg = Debug|Any CPU
		{42E244BB-ED4A-4579-819D-C00EF4898907}.Debug|Any CPU.Build.0 = Debug|Any CPU
		{42E244BB-ED4A-4579-819D-C00EF4898907}.Debug|Mixed Platforms.ActiveCfg = Debug|Any CPU
		{42E244BB-ED4A-4579-819D-C00EF4898907}.Debug|Mixed Platforms.Build.0 = Debug|Any CPU
		{42E244BB-ED4A-4579-819D-C00EF4898907}.Debug|x86.ActiveCfg = Debug|Any CPU
		{42E244BB-ED4A-4579-819D-C00EF4898907}.Release|Any CPU.ActiveCfg = Release|Any CPU
		{42E244BB-ED4A-4579-819D-C00EF4898907}.Release|Any CPU.Build.0 = Release|Any CPU
		{42E244BB-ED4A-4579-819D-C00EF4898907}.Release|Mixed Platforms.ActiveCfg = Release|Any CPU
		{42E244BB-ED4A-4579-819D-C00EF4898907}.Release|Mixed Platforms.Build.0 = Release|Any CPU
		{42E244BB-ED4A-4579-819D-C00EF4898907}.Release|x86.ActiveCfg = Release|Any CPU
		{9E03BD2C-46E0-48C4-8FFC-D6D40D3F317E}.Debug|Any CPU.ActiveCfg = Debug|Any CPU
		{9E03BD2C-46E0-48C4-8FFC-D6D40D3F317E}.Debug|Any CPU.Build.0 = Debug|Any CPU
		{9E03BD2C-46E0-48C4-8FFC-D6D40D3F317E}.Debug|Mixed Platforms.ActiveCfg = Debug|Any CPU
		{9E03BD2C-46E0-48C4-8FFC-D6D40D3F317E}.Debug|Mixed Platforms.Build.0 = Debug|Any CPU
		{9E03BD2C-46E0-48C4-8FFC-D6D40D3F317E}.Debug|x86.ActiveCfg = Debug|Any CPU
		{9E03BD2C-46E0-48C4-8FFC-D6D40D3F317E}.Release|Any CPU.ActiveCfg = Release|Any CPU
		{9E03BD2C-46E0-48C4-8FFC-D6D40D3F317E}.Release|Any CPU.Build.0 = Release|Any CPU
		{9E03BD2C-46E0-48C4-8FFC-D6D40D3F317E}.Release|Mixed Platforms.ActiveCfg = Release|Any CPU
		{9E03BD2C-46E0-48C4-8FFC-D6D40D3F317E}.Release|Mixed Platforms.Build.0 = Release|Any CPU
		{9E03BD2C-46E0-48C4-8FFC-D6D40D3F317E}.Release|x86.ActiveCfg = Release|Any CPU
		{D25AB960-813B-4C04-954D-3A7A76167B9E}.Debug|Any CPU.ActiveCfg = Debug|Any CPU
		{D25AB960-813B-4C04-954D-3A7A76167B9E}.Debug|Any CPU.Build.0 = Debug|Any CPU
		{D25AB960-813B-4C04-954D-3A7A76167B9E}.Debug|Mixed Platforms.ActiveCfg = Debug|Any CPU
		{D25AB960-813B-4C04-954D-3A7A76167B9E}.Debug|Mixed Platforms.Build.0 = Debug|Any CPU
		{D25AB960-813B-4C04-954D-3A7A76167B9E}.Debug|x86.ActiveCfg = Debug|Any CPU
		{D25AB960-813B-4C04-954D-3A7A76167B9E}.Release|Any CPU.ActiveCfg = Release|Any CPU
		{D25AB960-813B-4C04-954D-3A7A76167B9E}.Release|Any CPU.Build.0 = Release|Any CPU
		{D25AB960-813B-4C04-954D-3A7A76167B9E}.Release|Mixed Platforms.ActiveCfg = Release|Any CPU
		{D25AB960-813B-4C04-954D-3A7A76167B9E}.Release|Mixed Platforms.Build.0 = Release|Any CPU
		{D25AB960-813B-4C04-954D-3A7A76167B9E}.Release|x86.ActiveCfg = Release|Any CPU
		{128C444C-B02E-4B9E-B76E-BA1D6EF505A5}.Debug|Any CPU.ActiveCfg = Debug|Any CPU
		{128C444C-B02E-4B9E-B76E-BA1D6EF505A5}.Debug|Any CPU.Build.0 = Debug|Any CPU
		{128C444C-B02E-4B9E-B76E-BA1D6EF505A5}.Debug|Mixed Platforms.ActiveCfg = Debug|Any CPU
		{128C444C-B02E-4B9E-B76E-BA1D6EF505A5}.Debug|Mixed Platforms.Build.0 = Debug|Any CPU
		{128C444C-B02E-4B9E-B76E-BA1D6EF505A5}.Debug|x86.ActiveCfg = Debug|Any CPU
		{128C444C-B02E-4B9E-B76E-BA1D6EF505A5}.Release|Any CPU.ActiveCfg = Release|Any CPU
		{128C444C-B02E-4B9E-B76E-BA1D6EF505A5}.Release|Any CPU.Build.0 = Release|Any CPU
		{128C444C-B02E-4B9E-B76E-BA1D6EF505A5}.Release|Mixed Platforms.ActiveCfg = Release|Any CPU
		{128C444C-B02E-4B9E-B76E-BA1D6EF505A5}.Release|Mixed Platforms.Build.0 = Release|Any CPU
		{128C444C-B02E-4B9E-B76E-BA1D6EF505A5}.Release|x86.ActiveCfg = Release|Any CPU
		{370ACE47-4CAE-4619-BFB6-F9206459DCEC}.Debug|Any CPU.ActiveCfg = Debug|Any CPU
		{370ACE47-4CAE-4619-BFB6-F9206459DCEC}.Debug|Any CPU.Build.0 = Debug|Any CPU
		{370ACE47-4CAE-4619-BFB6-F9206459DCEC}.Debug|Mixed Platforms.ActiveCfg = Debug|Any CPU
		{370ACE47-4CAE-4619-BFB6-F9206459DCEC}.Debug|Mixed Platforms.Build.0 = Debug|Any CPU
		{370ACE47-4CAE-4619-BFB6-F9206459DCEC}.Debug|x86.ActiveCfg = Debug|Any CPU
		{370ACE47-4CAE-4619-BFB6-F9206459DCEC}.Release|Any CPU.ActiveCfg = Release|Any CPU
		{370ACE47-4CAE-4619-BFB6-F9206459DCEC}.Release|Any CPU.Build.0 = Release|Any CPU
		{370ACE47-4CAE-4619-BFB6-F9206459DCEC}.Release|Mixed Platforms.ActiveCfg = Release|Any CPU
		{370ACE47-4CAE-4619-BFB6-F9206459DCEC}.Release|Mixed Platforms.Build.0 = Release|Any CPU
		{370ACE47-4CAE-4619-BFB6-F9206459DCEC}.Release|x86.ActiveCfg = Release|Any CPU
		{55CCD66E-0DF7-4788-A484-25CB8A2D1840}.Debug|Any CPU.ActiveCfg = Debug|Any CPU
		{55CCD66E-0DF7-4788-A484-25CB8A2D1840}.Debug|Any CPU.Build.0 = Debug|Any CPU
		{55CCD66E-0DF7-4788-A484-25CB8A2D1840}.Debug|Mixed Platforms.ActiveCfg = Debug|Any CPU
		{55CCD66E-0DF7-4788-A484-25CB8A2D1840}.Debug|Mixed Platforms.Build.0 = Debug|Any CPU
		{55CCD66E-0DF7-4788-A484-25CB8A2D1840}.Debug|x86.ActiveCfg = Debug|Any CPU
		{55CCD66E-0DF7-4788-A484-25CB8A2D1840}.Release|Any CPU.ActiveCfg = Release|Any CPU
		{55CCD66E-0DF7-4788-A484-25CB8A2D1840}.Release|Any CPU.Build.0 = Release|Any CPU
		{55CCD66E-0DF7-4788-A484-25CB8A2D1840}.Release|Mixed Platforms.ActiveCfg = Release|Any CPU
		{55CCD66E-0DF7-4788-A484-25CB8A2D1840}.Release|Mixed Platforms.Build.0 = Release|Any CPU
		{55CCD66E-0DF7-4788-A484-25CB8A2D1840}.Release|x86.ActiveCfg = Release|Any CPU
		{A8F850E4-5694-44E6-93E7-09FDB3617E74}.Debug|Any CPU.ActiveCfg = Debug|Any CPU
		{A8F850E4-5694-44E6-93E7-09FDB3617E74}.Debug|Any CPU.Build.0 = Debug|Any CPU
		{A8F850E4-5694-44E6-93E7-09FDB3617E74}.Debug|Mixed Platforms.ActiveCfg = Debug|Any CPU
		{A8F850E4-5694-44E6-93E7-09FDB3617E74}.Debug|Mixed Platforms.Build.0 = Debug|Any CPU
		{A8F850E4-5694-44E6-93E7-09FDB3617E74}.Debug|x86.ActiveCfg = Debug|Any CPU
		{A8F850E4-5694-44E6-93E7-09FDB3617E74}.Release|Any CPU.ActiveCfg = Release|Any CPU
		{A8F850E4-5694-44E6-93E7-09FDB3617E74}.Release|Any CPU.Build.0 = Release|Any CPU
		{A8F850E4-5694-44E6-93E7-09FDB3617E74}.Release|Mixed Platforms.ActiveCfg = Release|Any CPU
		{A8F850E4-5694-44E6-93E7-09FDB3617E74}.Release|Mixed Platforms.Build.0 = Release|Any CPU
		{A8F850E4-5694-44E6-93E7-09FDB3617E74}.Release|x86.ActiveCfg = Release|Any CPU
		{71011F96-CAE8-49D3-A660-2CD5DF2CB0AE}.Debug|Any CPU.ActiveCfg = Debug|Any CPU
		{71011F96-CAE8-49D3-A660-2CD5DF2CB0AE}.Debug|Any CPU.Build.0 = Debug|Any CPU
		{71011F96-CAE8-49D3-A660-2CD5DF2CB0AE}.Debug|Mixed Platforms.ActiveCfg = Debug|Any CPU
		{71011F96-CAE8-49D3-A660-2CD5DF2CB0AE}.Debug|Mixed Platforms.Build.0 = Debug|Any CPU
		{71011F96-CAE8-49D3-A660-2CD5DF2CB0AE}.Debug|x86.ActiveCfg = Debug|Any CPU
		{71011F96-CAE8-49D3-A660-2CD5DF2CB0AE}.Release|Any CPU.ActiveCfg = Release|Any CPU
		{71011F96-CAE8-49D3-A660-2CD5DF2CB0AE}.Release|Any CPU.Build.0 = Release|Any CPU
		{71011F96-CAE8-49D3-A660-2CD5DF2CB0AE}.Release|Mixed Platforms.ActiveCfg = Release|Any CPU
		{71011F96-CAE8-49D3-A660-2CD5DF2CB0AE}.Release|Mixed Platforms.Build.0 = Release|Any CPU
		{71011F96-CAE8-49D3-A660-2CD5DF2CB0AE}.Release|x86.ActiveCfg = Release|Any CPU
		{A541E2F9-F22E-4F6E-B022-1327811D2754}.Debug|Any CPU.ActiveCfg = Debug|Any CPU
		{A541E2F9-F22E-4F6E-B022-1327811D2754}.Debug|Any CPU.Build.0 = Debug|Any CPU
		{A541E2F9-F22E-4F6E-B022-1327811D2754}.Debug|Mixed Platforms.ActiveCfg = Debug|Any CPU
		{A541E2F9-F22E-4F6E-B022-1327811D2754}.Debug|Mixed Platforms.Build.0 = Debug|Any CPU
		{A541E2F9-F22E-4F6E-B022-1327811D2754}.Debug|x86.ActiveCfg = Debug|Any CPU
		{A541E2F9-F22E-4F6E-B022-1327811D2754}.Release|Any CPU.ActiveCfg = Release|Any CPU
		{A541E2F9-F22E-4F6E-B022-1327811D2754}.Release|Any CPU.Build.0 = Release|Any CPU
		{A541E2F9-F22E-4F6E-B022-1327811D2754}.Release|Mixed Platforms.ActiveCfg = Release|Any CPU
		{A541E2F9-F22E-4F6E-B022-1327811D2754}.Release|Mixed Platforms.Build.0 = Release|Any CPU
		{A541E2F9-F22E-4F6E-B022-1327811D2754}.Release|x86.ActiveCfg = Release|Any CPU
		{508D907F-3A0E-46F5-B722-50F5E478D75F}.Debug|Any CPU.ActiveCfg = Debug|Any CPU
		{508D907F-3A0E-46F5-B722-50F5E478D75F}.Debug|Any CPU.Build.0 = Debug|Any CPU
		{508D907F-3A0E-46F5-B722-50F5E478D75F}.Debug|Mixed Platforms.ActiveCfg = Debug|Any CPU
		{508D907F-3A0E-46F5-B722-50F5E478D75F}.Debug|Mixed Platforms.Build.0 = Debug|Any CPU
		{508D907F-3A0E-46F5-B722-50F5E478D75F}.Debug|x86.ActiveCfg = Debug|Any CPU
		{508D907F-3A0E-46F5-B722-50F5E478D75F}.Release|Any CPU.ActiveCfg = Release|Any CPU
		{508D907F-3A0E-46F5-B722-50F5E478D75F}.Release|Any CPU.Build.0 = Release|Any CPU
		{508D907F-3A0E-46F5-B722-50F5E478D75F}.Release|Mixed Platforms.ActiveCfg = Release|Any CPU
		{508D907F-3A0E-46F5-B722-50F5E478D75F}.Release|Mixed Platforms.Build.0 = Release|Any CPU
		{508D907F-3A0E-46F5-B722-50F5E478D75F}.Release|x86.ActiveCfg = Release|Any CPU
		{77228F9F-67B5-4A24-975E-EF4F30AC384D}.Debug|Any CPU.ActiveCfg = Debug|Any CPU
		{77228F9F-67B5-4A24-975E-EF4F30AC384D}.Debug|Any CPU.Build.0 = Debug|Any CPU
		{77228F9F-67B5-4A24-975E-EF4F30AC384D}.Debug|Mixed Platforms.ActiveCfg = Debug|Any CPU
		{77228F9F-67B5-4A24-975E-EF4F30AC384D}.Debug|Mixed Platforms.Build.0 = Debug|Any CPU
		{77228F9F-67B5-4A24-975E-EF4F30AC384D}.Debug|x86.ActiveCfg = Debug|Any CPU
		{77228F9F-67B5-4A24-975E-EF4F30AC384D}.Release|Any CPU.ActiveCfg = Release|Any CPU
		{77228F9F-67B5-4A24-975E-EF4F30AC384D}.Release|Any CPU.Build.0 = Release|Any CPU
		{77228F9F-67B5-4A24-975E-EF4F30AC384D}.Release|Mixed Platforms.ActiveCfg = Release|Any CPU
		{77228F9F-67B5-4A24-975E-EF4F30AC384D}.Release|Mixed Platforms.Build.0 = Release|Any CPU
		{77228F9F-67B5-4A24-975E-EF4F30AC384D}.Release|x86.ActiveCfg = Release|Any CPU
		{7EE30FE6-3D87-4DF4-81F4-C91863F234DB}.Debug|Any CPU.ActiveCfg = Debug|Any CPU
		{7EE30FE6-3D87-4DF4-81F4-C91863F234DB}.Debug|Any CPU.Build.0 = Debug|Any CPU
		{7EE30FE6-3D87-4DF4-81F4-C91863F234DB}.Debug|Mixed Platforms.ActiveCfg = Debug|Any CPU
		{7EE30FE6-3D87-4DF4-81F4-C91863F234DB}.Debug|Mixed Platforms.Build.0 = Debug|Any CPU
		{7EE30FE6-3D87-4DF4-81F4-C91863F234DB}.Debug|x86.ActiveCfg = Debug|Any CPU
		{7EE30FE6-3D87-4DF4-81F4-C91863F234DB}.Release|Any CPU.ActiveCfg = Release|Any CPU
		{7EE30FE6-3D87-4DF4-81F4-C91863F234DB}.Release|Any CPU.Build.0 = Release|Any CPU
		{7EE30FE6-3D87-4DF4-81F4-C91863F234DB}.Release|Mixed Platforms.ActiveCfg = Release|Any CPU
		{7EE30FE6-3D87-4DF4-81F4-C91863F234DB}.Release|Mixed Platforms.Build.0 = Release|Any CPU
		{7EE30FE6-3D87-4DF4-81F4-C91863F234DB}.Release|x86.ActiveCfg = Release|Any CPU
		{B7BBA917-C20B-4F14-AE0C-B2A5495DB23E}.Debug|Any CPU.ActiveCfg = Debug|Any CPU
		{B7BBA917-C20B-4F14-AE0C-B2A5495DB23E}.Debug|Any CPU.Build.0 = Debug|Any CPU
		{B7BBA917-C20B-4F14-AE0C-B2A5495DB23E}.Debug|Mixed Platforms.ActiveCfg = Debug|Any CPU
		{B7BBA917-C20B-4F14-AE0C-B2A5495DB23E}.Debug|Mixed Platforms.Build.0 = Debug|Any CPU
		{B7BBA917-C20B-4F14-AE0C-B2A5495DB23E}.Debug|x86.ActiveCfg = Debug|Any CPU
		{B7BBA917-C20B-4F14-AE0C-B2A5495DB23E}.Debug|x86.Build.0 = Debug|Any CPU
		{B7BBA917-C20B-4F14-AE0C-B2A5495DB23E}.Release|Any CPU.ActiveCfg = Release|Any CPU
		{B7BBA917-C20B-4F14-AE0C-B2A5495DB23E}.Release|Any CPU.Build.0 = Release|Any CPU
		{B7BBA917-C20B-4F14-AE0C-B2A5495DB23E}.Release|Mixed Platforms.ActiveCfg = Release|Any CPU
		{B7BBA917-C20B-4F14-AE0C-B2A5495DB23E}.Release|Mixed Platforms.Build.0 = Release|Any CPU
		{B7BBA917-C20B-4F14-AE0C-B2A5495DB23E}.Release|x86.ActiveCfg = Release|Any CPU
		{B7BBA917-C20B-4F14-AE0C-B2A5495DB23E}.Release|x86.Build.0 = Release|Any CPU
		{1B551ADC-DBB2-4106-9827-CC12A9864E51}.Debug|Any CPU.ActiveCfg = Debug|Any CPU
		{1B551ADC-DBB2-4106-9827-CC12A9864E51}.Debug|Any CPU.Build.0 = Debug|Any CPU
		{1B551ADC-DBB2-4106-9827-CC12A9864E51}.Debug|Mixed Platforms.ActiveCfg = Debug|Any CPU
		{1B551ADC-DBB2-4106-9827-CC12A9864E51}.Debug|Mixed Platforms.Build.0 = Debug|Any CPU
		{1B551ADC-DBB2-4106-9827-CC12A9864E51}.Debug|x86.ActiveCfg = Debug|Any CPU
		{1B551ADC-DBB2-4106-9827-CC12A9864E51}.Debug|x86.Build.0 = Debug|Any CPU
		{1B551ADC-DBB2-4106-9827-CC12A9864E51}.Release|Any CPU.ActiveCfg = Release|Any CPU
		{1B551ADC-DBB2-4106-9827-CC12A9864E51}.Release|Any CPU.Build.0 = Release|Any CPU
		{1B551ADC-DBB2-4106-9827-CC12A9864E51}.Release|Mixed Platforms.ActiveCfg = Release|Any CPU
		{1B551ADC-DBB2-4106-9827-CC12A9864E51}.Release|Mixed Platforms.Build.0 = Release|Any CPU
		{1B551ADC-DBB2-4106-9827-CC12A9864E51}.Release|x86.ActiveCfg = Release|Any CPU
		{1B551ADC-DBB2-4106-9827-CC12A9864E51}.Release|x86.Build.0 = Release|Any CPU
		{65E0CC53-44C6-48C0-8DA9-11316AAF9593}.Debug|Any CPU.ActiveCfg = Debug|Any CPU
		{65E0CC53-44C6-48C0-8DA9-11316AAF9593}.Debug|Any CPU.Build.0 = Debug|Any CPU
		{65E0CC53-44C6-48C0-8DA9-11316AAF9593}.Debug|Mixed Platforms.ActiveCfg = Debug|Any CPU
		{65E0CC53-44C6-48C0-8DA9-11316AAF9593}.Debug|Mixed Platforms.Build.0 = Debug|Any CPU
		{65E0CC53-44C6-48C0-8DA9-11316AAF9593}.Debug|x86.ActiveCfg = Debug|Any CPU
		{65E0CC53-44C6-48C0-8DA9-11316AAF9593}.Debug|x86.Build.0 = Debug|Any CPU
		{65E0CC53-44C6-48C0-8DA9-11316AAF9593}.Release|Any CPU.ActiveCfg = Release|Any CPU
		{65E0CC53-44C6-48C0-8DA9-11316AAF9593}.Release|Any CPU.Build.0 = Release|Any CPU
		{65E0CC53-44C6-48C0-8DA9-11316AAF9593}.Release|Mixed Platforms.ActiveCfg = Release|Any CPU
		{65E0CC53-44C6-48C0-8DA9-11316AAF9593}.Release|Mixed Platforms.Build.0 = Release|Any CPU
		{65E0CC53-44C6-48C0-8DA9-11316AAF9593}.Release|x86.ActiveCfg = Release|Any CPU
		{65E0CC53-44C6-48C0-8DA9-11316AAF9593}.Release|x86.Build.0 = Release|Any CPU
		{904236BA-190E-4482-A7FA-C8AE59EE766B}.Debug|Any CPU.ActiveCfg = Debug|Any CPU
		{904236BA-190E-4482-A7FA-C8AE59EE766B}.Debug|Any CPU.Build.0 = Debug|Any CPU
		{904236BA-190E-4482-A7FA-C8AE59EE766B}.Debug|Mixed Platforms.ActiveCfg = Debug|Any CPU
		{904236BA-190E-4482-A7FA-C8AE59EE766B}.Debug|Mixed Platforms.Build.0 = Debug|Any CPU
		{904236BA-190E-4482-A7FA-C8AE59EE766B}.Debug|x86.ActiveCfg = Debug|Any CPU
		{904236BA-190E-4482-A7FA-C8AE59EE766B}.Debug|x86.Build.0 = Debug|Any CPU
		{904236BA-190E-4482-A7FA-C8AE59EE766B}.Release|Any CPU.ActiveCfg = Release|Any CPU
		{904236BA-190E-4482-A7FA-C8AE59EE766B}.Release|Any CPU.Build.0 = Release|Any CPU
		{904236BA-190E-4482-A7FA-C8AE59EE766B}.Release|Mixed Platforms.ActiveCfg = Release|Any CPU
		{904236BA-190E-4482-A7FA-C8AE59EE766B}.Release|Mixed Platforms.Build.0 = Release|Any CPU
		{904236BA-190E-4482-A7FA-C8AE59EE766B}.Release|x86.ActiveCfg = Release|Any CPU
		{904236BA-190E-4482-A7FA-C8AE59EE766B}.Release|x86.Build.0 = Release|Any CPU
		{5766AD0E-4048-468B-AE06-C33CCB722E14}.Debug|Any CPU.ActiveCfg = Debug|Any CPU
		{5766AD0E-4048-468B-AE06-C33CCB722E14}.Debug|Any CPU.Build.0 = Debug|Any CPU
		{5766AD0E-4048-468B-AE06-C33CCB722E14}.Debug|Mixed Platforms.ActiveCfg = Debug|Any CPU
		{5766AD0E-4048-468B-AE06-C33CCB722E14}.Debug|Mixed Platforms.Build.0 = Debug|Any CPU
		{5766AD0E-4048-468B-AE06-C33CCB722E14}.Debug|x86.ActiveCfg = Debug|Any CPU
		{5766AD0E-4048-468B-AE06-C33CCB722E14}.Debug|x86.Build.0 = Debug|Any CPU
		{5766AD0E-4048-468B-AE06-C33CCB722E14}.Release|Any CPU.ActiveCfg = Release|Any CPU
		{5766AD0E-4048-468B-AE06-C33CCB722E14}.Release|Any CPU.Build.0 = Release|Any CPU
		{5766AD0E-4048-468B-AE06-C33CCB722E14}.Release|Mixed Platforms.ActiveCfg = Release|Any CPU
		{5766AD0E-4048-468B-AE06-C33CCB722E14}.Release|Mixed Platforms.Build.0 = Release|Any CPU
		{5766AD0E-4048-468B-AE06-C33CCB722E14}.Release|x86.ActiveCfg = Release|Any CPU
		{5766AD0E-4048-468B-AE06-C33CCB722E14}.Release|x86.Build.0 = Release|Any CPU
		{7DDC4832-A001-41F1-B41B-65D2140827A7}.Debug|Any CPU.ActiveCfg = Debug|Any CPU
		{7DDC4832-A001-41F1-B41B-65D2140827A7}.Debug|Any CPU.Build.0 = Debug|Any CPU
		{7DDC4832-A001-41F1-B41B-65D2140827A7}.Debug|Mixed Platforms.ActiveCfg = Debug|Any CPU
		{7DDC4832-A001-41F1-B41B-65D2140827A7}.Debug|Mixed Platforms.Build.0 = Debug|Any CPU
		{7DDC4832-A001-41F1-B41B-65D2140827A7}.Debug|x86.ActiveCfg = Debug|Any CPU
		{7DDC4832-A001-41F1-B41B-65D2140827A7}.Debug|x86.Build.0 = Debug|Any CPU
		{7DDC4832-A001-41F1-B41B-65D2140827A7}.Release|Any CPU.ActiveCfg = Release|Any CPU
		{7DDC4832-A001-41F1-B41B-65D2140827A7}.Release|Any CPU.Build.0 = Release|Any CPU
		{7DDC4832-A001-41F1-B41B-65D2140827A7}.Release|Mixed Platforms.ActiveCfg = Release|Any CPU
		{7DDC4832-A001-41F1-B41B-65D2140827A7}.Release|Mixed Platforms.Build.0 = Release|Any CPU
		{7DDC4832-A001-41F1-B41B-65D2140827A7}.Release|x86.ActiveCfg = Release|Any CPU
		{7DDC4832-A001-41F1-B41B-65D2140827A7}.Release|x86.Build.0 = Release|Any CPU
		{BC17D891-F07F-4382-AAEE-D02D4E57F27B}.Debug|Any CPU.ActiveCfg = Debug|Any CPU
		{BC17D891-F07F-4382-AAEE-D02D4E57F27B}.Debug|Any CPU.Build.0 = Debug|Any CPU
		{BC17D891-F07F-4382-AAEE-D02D4E57F27B}.Debug|Mixed Platforms.ActiveCfg = Debug|Any CPU
		{BC17D891-F07F-4382-AAEE-D02D4E57F27B}.Debug|Mixed Platforms.Build.0 = Debug|Any CPU
		{BC17D891-F07F-4382-AAEE-D02D4E57F27B}.Debug|x86.ActiveCfg = Debug|Any CPU
		{BC17D891-F07F-4382-AAEE-D02D4E57F27B}.Debug|x86.Build.0 = Debug|Any CPU
		{BC17D891-F07F-4382-AAEE-D02D4E57F27B}.Release|Any CPU.ActiveCfg = Release|Any CPU
		{BC17D891-F07F-4382-AAEE-D02D4E57F27B}.Release|Any CPU.Build.0 = Release|Any CPU
		{BC17D891-F07F-4382-AAEE-D02D4E57F27B}.Release|Mixed Platforms.ActiveCfg = Release|Any CPU
		{BC17D891-F07F-4382-AAEE-D02D4E57F27B}.Release|Mixed Platforms.Build.0 = Release|Any CPU
		{BC17D891-F07F-4382-AAEE-D02D4E57F27B}.Release|x86.ActiveCfg = Release|Any CPU
		{BC17D891-F07F-4382-AAEE-D02D4E57F27B}.Release|x86.Build.0 = Release|Any CPU
		{7114E8AD-0486-4D29-AE60-B5725A218956}.Debug|Any CPU.ActiveCfg = Debug|Any CPU
		{7114E8AD-0486-4D29-AE60-B5725A218956}.Debug|Any CPU.Build.0 = Debug|Any CPU
		{7114E8AD-0486-4D29-AE60-B5725A218956}.Debug|Mixed Platforms.ActiveCfg = Debug|Any CPU
		{7114E8AD-0486-4D29-AE60-B5725A218956}.Debug|Mixed Platforms.Build.0 = Debug|Any CPU
		{7114E8AD-0486-4D29-AE60-B5725A218956}.Debug|x86.ActiveCfg = Debug|Any CPU
		{7114E8AD-0486-4D29-AE60-B5725A218956}.Debug|x86.Build.0 = Debug|Any CPU
		{7114E8AD-0486-4D29-AE60-B5725A218956}.Release|Any CPU.ActiveCfg = Release|Any CPU
		{7114E8AD-0486-4D29-AE60-B5725A218956}.Release|Any CPU.Build.0 = Release|Any CPU
		{7114E8AD-0486-4D29-AE60-B5725A218956}.Release|Mixed Platforms.ActiveCfg = Release|Any CPU
		{7114E8AD-0486-4D29-AE60-B5725A218956}.Release|Mixed Platforms.Build.0 = Release|Any CPU
		{7114E8AD-0486-4D29-AE60-B5725A218956}.Release|x86.ActiveCfg = Release|Any CPU
		{7114E8AD-0486-4D29-AE60-B5725A218956}.Release|x86.Build.0 = Release|Any CPU
		{AADE6653-0E1B-4DE1-BF68-BC63E2B1606C}.Debug|Any CPU.ActiveCfg = Debug|Any CPU
		{AADE6653-0E1B-4DE1-BF68-BC63E2B1606C}.Debug|Any CPU.Build.0 = Debug|Any CPU
		{AADE6653-0E1B-4DE1-BF68-BC63E2B1606C}.Debug|Mixed Platforms.ActiveCfg = Debug|Any CPU
		{AADE6653-0E1B-4DE1-BF68-BC63E2B1606C}.Debug|Mixed Platforms.Build.0 = Debug|Any CPU
		{AADE6653-0E1B-4DE1-BF68-BC63E2B1606C}.Debug|x86.ActiveCfg = Debug|Any CPU
		{AADE6653-0E1B-4DE1-BF68-BC63E2B1606C}.Debug|x86.Build.0 = Debug|Any CPU
		{AADE6653-0E1B-4DE1-BF68-BC63E2B1606C}.Release|Any CPU.ActiveCfg = Release|Any CPU
		{AADE6653-0E1B-4DE1-BF68-BC63E2B1606C}.Release|Any CPU.Build.0 = Release|Any CPU
		{AADE6653-0E1B-4DE1-BF68-BC63E2B1606C}.Release|Mixed Platforms.ActiveCfg = Release|Any CPU
		{AADE6653-0E1B-4DE1-BF68-BC63E2B1606C}.Release|Mixed Platforms.Build.0 = Release|Any CPU
		{AADE6653-0E1B-4DE1-BF68-BC63E2B1606C}.Release|x86.ActiveCfg = Release|Any CPU
		{AADE6653-0E1B-4DE1-BF68-BC63E2B1606C}.Release|x86.Build.0 = Release|Any CPU
		{2CB9DB43-6DED-4019-A037-9E84A748EEA8}.Debug|Any CPU.ActiveCfg = Debug|Any CPU
		{2CB9DB43-6DED-4019-A037-9E84A748EEA8}.Debug|Any CPU.Build.0 = Debug|Any CPU
		{2CB9DB43-6DED-4019-A037-9E84A748EEA8}.Debug|Mixed Platforms.ActiveCfg = Debug|Any CPU
		{2CB9DB43-6DED-4019-A037-9E84A748EEA8}.Debug|Mixed Platforms.Build.0 = Debug|Any CPU
		{2CB9DB43-6DED-4019-A037-9E84A748EEA8}.Debug|x86.ActiveCfg = Debug|Any CPU
		{2CB9DB43-6DED-4019-A037-9E84A748EEA8}.Debug|x86.Build.0 = Debug|Any CPU
		{2CB9DB43-6DED-4019-A037-9E84A748EEA8}.Release|Any CPU.ActiveCfg = Release|Any CPU
		{2CB9DB43-6DED-4019-A037-9E84A748EEA8}.Release|Any CPU.Build.0 = Release|Any CPU
		{2CB9DB43-6DED-4019-A037-9E84A748EEA8}.Release|Mixed Platforms.ActiveCfg = Release|Any CPU
		{2CB9DB43-6DED-4019-A037-9E84A748EEA8}.Release|Mixed Platforms.Build.0 = Release|Any CPU
		{2CB9DB43-6DED-4019-A037-9E84A748EEA8}.Release|x86.ActiveCfg = Release|Any CPU
		{2CB9DB43-6DED-4019-A037-9E84A748EEA8}.Release|x86.Build.0 = Release|Any CPU
		{90E05040-EBAF-46D3-92A2-49CC99BA1623}.Debug|Any CPU.ActiveCfg = Debug|Any CPU
		{90E05040-EBAF-46D3-92A2-49CC99BA1623}.Debug|Any CPU.Build.0 = Debug|Any CPU
		{90E05040-EBAF-46D3-92A2-49CC99BA1623}.Debug|Mixed Platforms.ActiveCfg = Debug|Any CPU
		{90E05040-EBAF-46D3-92A2-49CC99BA1623}.Debug|Mixed Platforms.Build.0 = Debug|Any CPU
		{90E05040-EBAF-46D3-92A2-49CC99BA1623}.Debug|x86.ActiveCfg = Debug|Any CPU
		{90E05040-EBAF-46D3-92A2-49CC99BA1623}.Debug|x86.Build.0 = Debug|Any CPU
		{90E05040-EBAF-46D3-92A2-49CC99BA1623}.Release|Any CPU.ActiveCfg = Release|Any CPU
		{90E05040-EBAF-46D3-92A2-49CC99BA1623}.Release|Any CPU.Build.0 = Release|Any CPU
		{90E05040-EBAF-46D3-92A2-49CC99BA1623}.Release|Mixed Platforms.ActiveCfg = Release|Any CPU
		{90E05040-EBAF-46D3-92A2-49CC99BA1623}.Release|Mixed Platforms.Build.0 = Release|Any CPU
		{90E05040-EBAF-46D3-92A2-49CC99BA1623}.Release|x86.ActiveCfg = Release|Any CPU
		{90E05040-EBAF-46D3-92A2-49CC99BA1623}.Release|x86.Build.0 = Release|Any CPU
		{066147D4-7530-4C64-8257-552287352B22}.Debug|Any CPU.ActiveCfg = Debug|Any CPU
		{066147D4-7530-4C64-8257-552287352B22}.Debug|Any CPU.Build.0 = Debug|Any CPU
		{066147D4-7530-4C64-8257-552287352B22}.Debug|Mixed Platforms.ActiveCfg = Debug|Any CPU
		{066147D4-7530-4C64-8257-552287352B22}.Debug|Mixed Platforms.Build.0 = Debug|Any CPU
		{066147D4-7530-4C64-8257-552287352B22}.Debug|x86.ActiveCfg = Debug|Any CPU
		{066147D4-7530-4C64-8257-552287352B22}.Debug|x86.Build.0 = Debug|Any CPU
		{066147D4-7530-4C64-8257-552287352B22}.Release|Any CPU.ActiveCfg = Release|Any CPU
		{066147D4-7530-4C64-8257-552287352B22}.Release|Any CPU.Build.0 = Release|Any CPU
		{066147D4-7530-4C64-8257-552287352B22}.Release|Mixed Platforms.ActiveCfg = Release|Any CPU
		{066147D4-7530-4C64-8257-552287352B22}.Release|Mixed Platforms.Build.0 = Release|Any CPU
		{066147D4-7530-4C64-8257-552287352B22}.Release|x86.ActiveCfg = Release|Any CPU
		{066147D4-7530-4C64-8257-552287352B22}.Release|x86.Build.0 = Release|Any CPU
		{B07B6B55-B4E5-41F5-80EA-8A2A35A622F1}.Debug|Any CPU.ActiveCfg = Debug|Any CPU
		{B07B6B55-B4E5-41F5-80EA-8A2A35A622F1}.Debug|Any CPU.Build.0 = Debug|Any CPU
		{B07B6B55-B4E5-41F5-80EA-8A2A35A622F1}.Debug|Mixed Platforms.ActiveCfg = Debug|Any CPU
		{B07B6B55-B4E5-41F5-80EA-8A2A35A622F1}.Debug|Mixed Platforms.Build.0 = Debug|Any CPU
		{B07B6B55-B4E5-41F5-80EA-8A2A35A622F1}.Debug|x86.ActiveCfg = Debug|Any CPU
		{B07B6B55-B4E5-41F5-80EA-8A2A35A622F1}.Debug|x86.Build.0 = Debug|Any CPU
		{B07B6B55-B4E5-41F5-80EA-8A2A35A622F1}.Release|Any CPU.ActiveCfg = Release|Any CPU
		{B07B6B55-B4E5-41F5-80EA-8A2A35A622F1}.Release|Any CPU.Build.0 = Release|Any CPU
		{B07B6B55-B4E5-41F5-80EA-8A2A35A622F1}.Release|Mixed Platforms.ActiveCfg = Release|Any CPU
		{B07B6B55-B4E5-41F5-80EA-8A2A35A622F1}.Release|Mixed Platforms.Build.0 = Release|Any CPU
		{B07B6B55-B4E5-41F5-80EA-8A2A35A622F1}.Release|x86.ActiveCfg = Release|Any CPU
		{B07B6B55-B4E5-41F5-80EA-8A2A35A622F1}.Release|x86.Build.0 = Release|Any CPU
		{81E54033-26F0-4748-B085-BE0EEBFAC72D}.Debug|Any CPU.ActiveCfg = Debug|Any CPU
		{81E54033-26F0-4748-B085-BE0EEBFAC72D}.Debug|Any CPU.Build.0 = Debug|Any CPU
		{81E54033-26F0-4748-B085-BE0EEBFAC72D}.Debug|Mixed Platforms.ActiveCfg = Debug|Any CPU
		{81E54033-26F0-4748-B085-BE0EEBFAC72D}.Debug|Mixed Platforms.Build.0 = Debug|Any CPU
		{81E54033-26F0-4748-B085-BE0EEBFAC72D}.Debug|x86.ActiveCfg = Debug|Any CPU
		{81E54033-26F0-4748-B085-BE0EEBFAC72D}.Debug|x86.Build.0 = Debug|Any CPU
		{81E54033-26F0-4748-B085-BE0EEBFAC72D}.Release|Any CPU.ActiveCfg = Release|Any CPU
		{81E54033-26F0-4748-B085-BE0EEBFAC72D}.Release|Any CPU.Build.0 = Release|Any CPU
		{81E54033-26F0-4748-B085-BE0EEBFAC72D}.Release|Mixed Platforms.ActiveCfg = Release|Any CPU
		{81E54033-26F0-4748-B085-BE0EEBFAC72D}.Release|Mixed Platforms.Build.0 = Release|Any CPU
		{81E54033-26F0-4748-B085-BE0EEBFAC72D}.Release|x86.ActiveCfg = Release|Any CPU
		{81E54033-26F0-4748-B085-BE0EEBFAC72D}.Release|x86.Build.0 = Release|Any CPU
		{CB088276-4108-46AA-926E-4F102E044896}.Debug|Any CPU.ActiveCfg = Debug|Any CPU
		{CB088276-4108-46AA-926E-4F102E044896}.Debug|Any CPU.Build.0 = Debug|Any CPU
		{CB088276-4108-46AA-926E-4F102E044896}.Debug|Mixed Platforms.ActiveCfg = Debug|Any CPU
		{CB088276-4108-46AA-926E-4F102E044896}.Debug|Mixed Platforms.Build.0 = Debug|Any CPU
		{CB088276-4108-46AA-926E-4F102E044896}.Debug|x86.ActiveCfg = Debug|Any CPU
		{CB088276-4108-46AA-926E-4F102E044896}.Debug|x86.Build.0 = Debug|Any CPU
		{CB088276-4108-46AA-926E-4F102E044896}.Release|Any CPU.ActiveCfg = Release|Any CPU
		{CB088276-4108-46AA-926E-4F102E044896}.Release|Any CPU.Build.0 = Release|Any CPU
		{CB088276-4108-46AA-926E-4F102E044896}.Release|Mixed Platforms.ActiveCfg = Release|Any CPU
		{CB088276-4108-46AA-926E-4F102E044896}.Release|Mixed Platforms.Build.0 = Release|Any CPU
		{CB088276-4108-46AA-926E-4F102E044896}.Release|x86.ActiveCfg = Release|Any CPU
		{CB088276-4108-46AA-926E-4F102E044896}.Release|x86.Build.0 = Release|Any CPU
		{1D2B6E6E-7238-4488-ABB8-2BCF0C972191}.Debug|Any CPU.ActiveCfg = Debug|Any CPU
		{1D2B6E6E-7238-4488-ABB8-2BCF0C972191}.Debug|Any CPU.Build.0 = Debug|Any CPU
		{1D2B6E6E-7238-4488-ABB8-2BCF0C972191}.Debug|Mixed Platforms.ActiveCfg = Debug|Any CPU
		{1D2B6E6E-7238-4488-ABB8-2BCF0C972191}.Debug|Mixed Platforms.Build.0 = Debug|Any CPU
		{1D2B6E6E-7238-4488-ABB8-2BCF0C972191}.Debug|x86.ActiveCfg = Debug|Any CPU
		{1D2B6E6E-7238-4488-ABB8-2BCF0C972191}.Debug|x86.Build.0 = Debug|Any CPU
		{1D2B6E6E-7238-4488-ABB8-2BCF0C972191}.Release|Any CPU.ActiveCfg = Release|Any CPU
		{1D2B6E6E-7238-4488-ABB8-2BCF0C972191}.Release|Any CPU.Build.0 = Release|Any CPU
		{1D2B6E6E-7238-4488-ABB8-2BCF0C972191}.Release|Mixed Platforms.ActiveCfg = Release|Any CPU
		{1D2B6E6E-7238-4488-ABB8-2BCF0C972191}.Release|Mixed Platforms.Build.0 = Release|Any CPU
		{1D2B6E6E-7238-4488-ABB8-2BCF0C972191}.Release|x86.ActiveCfg = Release|Any CPU
		{1D2B6E6E-7238-4488-ABB8-2BCF0C972191}.Release|x86.Build.0 = Release|Any CPU
		{D7E20D0A-EDB3-4BA7-B9B6-822088A9E235}.Debug|Any CPU.ActiveCfg = Debug|Any CPU
		{D7E20D0A-EDB3-4BA7-B9B6-822088A9E235}.Debug|Any CPU.Build.0 = Debug|Any CPU
		{D7E20D0A-EDB3-4BA7-B9B6-822088A9E235}.Debug|Mixed Platforms.ActiveCfg = Debug|Any CPU
		{D7E20D0A-EDB3-4BA7-B9B6-822088A9E235}.Debug|Mixed Platforms.Build.0 = Debug|Any CPU
		{D7E20D0A-EDB3-4BA7-B9B6-822088A9E235}.Debug|x86.ActiveCfg = Debug|Any CPU
		{D7E20D0A-EDB3-4BA7-B9B6-822088A9E235}.Debug|x86.Build.0 = Debug|Any CPU
		{D7E20D0A-EDB3-4BA7-B9B6-822088A9E235}.Release|Any CPU.ActiveCfg = Release|Any CPU
		{D7E20D0A-EDB3-4BA7-B9B6-822088A9E235}.Release|Any CPU.Build.0 = Release|Any CPU
		{D7E20D0A-EDB3-4BA7-B9B6-822088A9E235}.Release|Mixed Platforms.ActiveCfg = Release|Any CPU
		{D7E20D0A-EDB3-4BA7-B9B6-822088A9E235}.Release|Mixed Platforms.Build.0 = Release|Any CPU
		{D7E20D0A-EDB3-4BA7-B9B6-822088A9E235}.Release|x86.ActiveCfg = Release|Any CPU
		{D7E20D0A-EDB3-4BA7-B9B6-822088A9E235}.Release|x86.Build.0 = Release|Any CPU
		{07E00E02-46DA-4AE9-A4BA-A68721DD095A}.Debug|Any CPU.ActiveCfg = Debug|Any CPU
		{07E00E02-46DA-4AE9-A4BA-A68721DD095A}.Debug|Any CPU.Build.0 = Debug|Any CPU
		{07E00E02-46DA-4AE9-A4BA-A68721DD095A}.Debug|Mixed Platforms.ActiveCfg = Debug|Any CPU
		{07E00E02-46DA-4AE9-A4BA-A68721DD095A}.Debug|Mixed Platforms.Build.0 = Debug|Any CPU
		{07E00E02-46DA-4AE9-A4BA-A68721DD095A}.Debug|x86.ActiveCfg = Debug|Any CPU
		{07E00E02-46DA-4AE9-A4BA-A68721DD095A}.Debug|x86.Build.0 = Debug|Any CPU
		{07E00E02-46DA-4AE9-A4BA-A68721DD095A}.Release|Any CPU.ActiveCfg = Release|Any CPU
		{07E00E02-46DA-4AE9-A4BA-A68721DD095A}.Release|Any CPU.Build.0 = Release|Any CPU
		{07E00E02-46DA-4AE9-A4BA-A68721DD095A}.Release|Mixed Platforms.ActiveCfg = Release|Any CPU
		{07E00E02-46DA-4AE9-A4BA-A68721DD095A}.Release|Mixed Platforms.Build.0 = Release|Any CPU
		{07E00E02-46DA-4AE9-A4BA-A68721DD095A}.Release|x86.ActiveCfg = Release|Any CPU
		{07E00E02-46DA-4AE9-A4BA-A68721DD095A}.Release|x86.Build.0 = Release|Any CPU
		{51EC8AD2-DF8C-4752-982C-DFB55CDB9ECC}.Debug|Any CPU.ActiveCfg = Debug|Any CPU
		{51EC8AD2-DF8C-4752-982C-DFB55CDB9ECC}.Debug|Any CPU.Build.0 = Debug|Any CPU
		{51EC8AD2-DF8C-4752-982C-DFB55CDB9ECC}.Debug|Mixed Platforms.ActiveCfg = Debug|Any CPU
		{51EC8AD2-DF8C-4752-982C-DFB55CDB9ECC}.Debug|Mixed Platforms.Build.0 = Debug|Any CPU
		{51EC8AD2-DF8C-4752-982C-DFB55CDB9ECC}.Debug|x86.ActiveCfg = Debug|Any CPU
		{51EC8AD2-DF8C-4752-982C-DFB55CDB9ECC}.Debug|x86.Build.0 = Debug|Any CPU
		{51EC8AD2-DF8C-4752-982C-DFB55CDB9ECC}.Release|Any CPU.ActiveCfg = Release|Any CPU
		{51EC8AD2-DF8C-4752-982C-DFB55CDB9ECC}.Release|Any CPU.Build.0 = Release|Any CPU
		{51EC8AD2-DF8C-4752-982C-DFB55CDB9ECC}.Release|Mixed Platforms.ActiveCfg = Release|Any CPU
		{51EC8AD2-DF8C-4752-982C-DFB55CDB9ECC}.Release|Mixed Platforms.Build.0 = Release|Any CPU
		{51EC8AD2-DF8C-4752-982C-DFB55CDB9ECC}.Release|x86.ActiveCfg = Release|Any CPU
		{51EC8AD2-DF8C-4752-982C-DFB55CDB9ECC}.Release|x86.Build.0 = Release|Any CPU
	EndGlobalSection
	GlobalSection(SolutionProperties) = preSolution
		HideSolutionNode = FALSE
	EndGlobalSection
	GlobalSection(ExtensibilityGlobals) = postSolution
		SolutionGuid = {F90AAD90-24D7-4E76-AD90-FFB9744888C9}
	EndGlobalSection
EndGlobal
